// !$*UTF8*$!
{
	archiveVersion = 1;
	classes = {
	};
	objectVersion = 55;
	objects = {

/* Begin PBXBuildFile section */
		3808FBB8281DED4700BF6A4E /* KrakenVaultApp.swift in Sources */ = {isa = PBXBuildFile; fileRef = 3808FBB7281DED4700BF6A4E /* KrakenVaultApp.swift */; };
		3808FBBC281DED4700BF6A4E /* Assets.xcassets in Resources */ = {isa = PBXBuildFile; fileRef = 3808FBBB281DED4700BF6A4E /* Assets.xcassets */; };
		3808FBBF281DED4700BF6A4E /* Preview Assets.xcassets in Resources */ = {isa = PBXBuildFile; fileRef = 3808FBBE281DED4700BF6A4E /* Preview Assets.xcassets */; };
		3808FBC9281DED4700BF6A4E /* PasswordGeneratorReducerTests.swift in Sources */ = {isa = PBXBuildFile; fileRef = 3808FBC8281DED4700BF6A4E /* PasswordGeneratorReducerTests.swift */; };
		3808FBF3281DFB4F00BF6A4E /* AppAction.swift in Sources */ = {isa = PBXBuildFile; fileRef = 3808FBF2281DFB4F00BF6A4E /* AppAction.swift */; };
		3808FBF5281DFB6400BF6A4E /* AppState.swift in Sources */ = {isa = PBXBuildFile; fileRef = 3808FBF4281DFB6400BF6A4E /* AppState.swift */; };
		3808FBF7281DFB7B00BF6A4E /* AppReducer.swift in Sources */ = {isa = PBXBuildFile; fileRef = 3808FBF6281DFB7B00BF6A4E /* AppReducer.swift */; };
		380A671A28381109001B8DE7 /* XCTestCase+MemoryLeaks.swift in Sources */ = {isa = PBXBuildFile; fileRef = 380A671928381109001B8DE7 /* XCTestCase+MemoryLeaks.swift */; };
		380A671C2838113C001B8DE7 /* VaultStoreSpy.swift in Sources */ = {isa = PBXBuildFile; fileRef = 380A671B2838113C001B8DE7 /* VaultStoreSpy.swift */; };
		380A672028382D75001B8DE7 /* PowerfulCombine in Frameworks */ = {isa = PBXBuildFile; productRef = 380A671F28382D75001B8DE7 /* PowerfulCombine */; };
		380A672228382F4C001B8DE7 /* LocalVaultLoader+Publisher.swift in Sources */ = {isa = PBXBuildFile; fileRef = 380A672128382F4C001B8DE7 /* LocalVaultLoader+Publisher.swift */; };
		380A672428382F71001B8DE7 /* VaultReducer.swift in Sources */ = {isa = PBXBuildFile; fileRef = 380A672328382F71001B8DE7 /* VaultReducer.swift */; };
		380A672628382FB2001B8DE7 /* PasswordVaultAction.swift in Sources */ = {isa = PBXBuildFile; fileRef = 380A672528382FB2001B8DE7 /* PasswordVaultAction.swift */; };
		380A672828382FC4001B8DE7 /* PasswordVaultState.swift in Sources */ = {isa = PBXBuildFile; fileRef = 380A672728382FC4001B8DE7 /* PasswordVaultState.swift */; };
		380A672A283830E1001B8DE7 /* SaveVaultItemsUseCaseTests.swift in Sources */ = {isa = PBXBuildFile; fileRef = 380A6729283830E1001B8DE7 /* SaveVaultItemsUseCaseTests.swift */; };
		38150656283ABF4300F655E2 /* CoreDataVaultStoreTests.swift in Sources */ = {isa = PBXBuildFile; fileRef = 38150655283ABF4300F655E2 /* CoreDataVaultStoreTests.swift */; };
		38150659283AC0B900F655E2 /* CoreDataVaultStore.swift in Sources */ = {isa = PBXBuildFile; fileRef = 38150658283AC0B900F655E2 /* CoreDataVaultStore.swift */; };
		3815065C283AC53F00F655E2 /* KrakenVaultStore.xcdatamodeld in Sources */ = {isa = PBXBuildFile; fileRef = 3815065A283AC53F00F655E2 /* KrakenVaultStore.xcdatamodeld */; };
		3815065E283AC73F00F655E2 /* ManagedVaultItem.swift in Sources */ = {isa = PBXBuildFile; fileRef = 3815065D283AC73F00F655E2 /* ManagedVaultItem.swift */; };
		38150660283ACD6900F655E2 /* CoreDataHelpers.swift in Sources */ = {isa = PBXBuildFile; fileRef = 3815065F283ACD6900F655E2 /* CoreDataHelpers.swift */; };
		381692FE283D486F00F10BB2 /* CreatePasswordView.swift in Sources */ = {isa = PBXBuildFile; fileRef = 381692FD283D486F00F10BB2 /* CreatePasswordView.swift */; };
		3839D776282D8B6300074923 /* ComposableArchitectureTestSupport.swift in Sources */ = {isa = PBXBuildFile; fileRef = 3839D775282D8B6300074923 /* ComposableArchitectureTestSupport.swift */; };
		383D1DDD282307C80066C185 /* ComposableArchitecture in Frameworks */ = {isa = PBXBuildFile; productRef = 383D1DDC282307C80066C185 /* ComposableArchitecture */; };
		38527C9F282F31F800ACC933 /* App+UIActions.swift in Sources */ = {isa = PBXBuildFile; fileRef = 38527C9E282F31F800ACC933 /* App+UIActions.swift */; };
		3893E0E52837FE88007A80AF /* KrakenVaultCore.framework in Frameworks */ = {isa = PBXBuildFile; fileRef = 3893E0DD2837FE87007A80AF /* KrakenVaultCore.framework */; };
		3893E0ED2837FE88007A80AF /* KrakenVaultCore.h in Headers */ = {isa = PBXBuildFile; fileRef = 3893E0DF2837FE87007A80AF /* KrakenVaultCore.h */; settings = {ATTRIBUTES = (Public, ); }; };
		3893E0F02837FE88007A80AF /* KrakenVaultCore.framework in Frameworks */ = {isa = PBXBuildFile; fileRef = 3893E0DD2837FE87007A80AF /* KrakenVaultCore.framework */; };
		3893E0F12837FE88007A80AF /* KrakenVaultCore.framework in Embed Frameworks */ = {isa = PBXBuildFile; fileRef = 3893E0DD2837FE87007A80AF /* KrakenVaultCore.framework */; settings = {ATTRIBUTES = (CodeSignOnCopy, RemoveHeadersOnCopy, ); }; };
		3893E0FA2837FEAE007A80AF /* LocalVaultLoader.swift in Sources */ = {isa = PBXBuildFile; fileRef = 3893E0F92837FEAE007A80AF /* LocalVaultLoader.swift */; };
		3893E0FE2838008E007A80AF /* LoadVaultItemsFromLocalStoreUseCaseTests.swift in Sources */ = {isa = PBXBuildFile; fileRef = 3893E0FC28380039007A80AF /* LoadVaultItemsFromLocalStoreUseCaseTests.swift */; };
		389E54FC2820699500F52D68 /* KrakenVaultMainView.swift in Sources */ = {isa = PBXBuildFile; fileRef = 389E54FB2820699500F52D68 /* KrakenVaultMainView.swift */; };
		389E54FF282090F500F52D68 /* PasswordVaultItemView.swift in Sources */ = {isa = PBXBuildFile; fileRef = 389E54FE282090F500F52D68 /* PasswordVaultItemView.swift */; };
		389E5501282091BB00F52D68 /* KrakenVaultView.swift in Sources */ = {isa = PBXBuildFile; fileRef = 389E5500282091BB00F52D68 /* KrakenVaultView.swift */; };
		38CA22E5283EA51F0085676E /* Operators.swift in Sources */ = {isa = PBXBuildFile; fileRef = 38CA22E4283EA51F0085676E /* Operators.swift */; };
		38E11B8C2838337300D9B6A0 /* LocalVaultHelpers.swift in Sources */ = {isa = PBXBuildFile; fileRef = 38E11B8B2838337300D9B6A0 /* LocalVaultHelpers.swift */; };
		38E11B8E2838374B00D9B6A0 /* Shared.swift in Sources */ = {isa = PBXBuildFile; fileRef = 38E11B8D2838374B00D9B6A0 /* Shared.swift */; };
		38E11B9028383B2500D9B6A0 /* VaultItem.swift in Sources */ = {isa = PBXBuildFile; fileRef = 38E11B8F28383B2500D9B6A0 /* VaultItem.swift */; };
		38E11B9328383B4100D9B6A0 /* VaultStoreItem.swift in Sources */ = {isa = PBXBuildFile; fileRef = 38E11B9228383B4100D9B6A0 /* VaultStoreItem.swift */; };
		38E11B9528383B5400D9B6A0 /* VaultStore.swift in Sources */ = {isa = PBXBuildFile; fileRef = 38E11B9428383B5400D9B6A0 /* VaultStore.swift */; };
		38E11B9828383F2400D9B6A0 /* VaultLoader.swift in Sources */ = {isa = PBXBuildFile; fileRef = 38E11B9728383F2400D9B6A0 /* VaultLoader.swift */; };
		38E11B9A28383F3300D9B6A0 /* VaultSaver.swift in Sources */ = {isa = PBXBuildFile; fileRef = 38E11B9928383F3300D9B6A0 /* VaultSaver.swift */; };
		38E11B9C2838462800D9B6A0 /* DeleteVaultItemsFromLocalStoreUseCaseTests.swift in Sources */ = {isa = PBXBuildFile; fileRef = 38E11B9B2838462800D9B6A0 /* DeleteVaultItemsFromLocalStoreUseCaseTests.swift */; };
		C95A81A8F6712A1CAD903EEC /* GeneratePasswordUseCase.swift in Sources */ = {isa = PBXBuildFile; fileRef = C95A89428ABDC35B417BF268 /* GeneratePasswordUseCase.swift */; };
		C95A83D853DED757993F98ED /* PasswordGeneratorState.swift in Sources */ = {isa = PBXBuildFile; fileRef = C95A8B7589D1F892F6B7C957 /* PasswordGeneratorState.swift */; };
		C95A87CA5EDC6D3B51386DA7 /* PasswordComponents.swift in Sources */ = {isa = PBXBuildFile; fileRef = C95A8BD2859756CA7D898AB2 /* PasswordComponents.swift */; };
		C95A8A038574BA2B6187115D /* PasswordGeneratedReducer.swift in Sources */ = {isa = PBXBuildFile; fileRef = C95A8F08EEBC3DA6AA4B2BE9 /* PasswordGeneratedReducer.swift */; };
		C95A8A1A1DD2079467703474 /* PasswordOptionToggle.swift in Sources */ = {isa = PBXBuildFile; fileRef = C95A8FA2D9E30DD7AAECAB40 /* PasswordOptionToggle.swift */; };
		C95A8ACF9DFB27BAEFACB7A0 /* PasswordGeneratorView.swift in Sources */ = {isa = PBXBuildFile; fileRef = C95A82384F587A66BBCAA5E2 /* PasswordGeneratorView.swift */; };
		C95A8E20A8291F0B4D1FFBCD /* PasswordGeneratorAction.swift in Sources */ = {isa = PBXBuildFile; fileRef = C95A8037182EF2D465BD5C59 /* PasswordGeneratorAction.swift */; };
/* End PBXBuildFile section */

/* Begin PBXContainerItemProxy section */
		3808FBC5281DED4700BF6A4E /* PBXContainerItemProxy */ = {
			isa = PBXContainerItemProxy;
			containerPortal = 3808FBAC281DED4700BF6A4E /* Project object */;
			proxyType = 1;
			remoteGlobalIDString = 3808FBB3281DED4700BF6A4E;
			remoteInfo = KrakenVault;
		};
		3893E0E62837FE88007A80AF /* PBXContainerItemProxy */ = {
			isa = PBXContainerItemProxy;
			containerPortal = 3808FBAC281DED4700BF6A4E /* Project object */;
			proxyType = 1;
			remoteGlobalIDString = 3893E0DC2837FE87007A80AF;
			remoteInfo = KrakenVaultCore;
		};
		3893E0E82837FE88007A80AF /* PBXContainerItemProxy */ = {
			isa = PBXContainerItemProxy;
			containerPortal = 3808FBAC281DED4700BF6A4E /* Project object */;
			proxyType = 1;
			remoteGlobalIDString = 3808FBB3281DED4700BF6A4E;
			remoteInfo = KrakenVault;
		};
		3893E0EE2837FE88007A80AF /* PBXContainerItemProxy */ = {
			isa = PBXContainerItemProxy;
			containerPortal = 3808FBAC281DED4700BF6A4E /* Project object */;
			proxyType = 1;
			remoteGlobalIDString = 3893E0DC2837FE87007A80AF;
			remoteInfo = KrakenVaultCore;
		};
/* End PBXContainerItemProxy section */

/* Begin PBXCopyFilesBuildPhase section */
		3893E0F22837FE88007A80AF /* Embed Frameworks */ = {
			isa = PBXCopyFilesBuildPhase;
			buildActionMask = 2147483647;
			dstPath = "";
			dstSubfolderSpec = 10;
			files = (
				3893E0F12837FE88007A80AF /* KrakenVaultCore.framework in Embed Frameworks */,
			);
			name = "Embed Frameworks";
			runOnlyForDeploymentPostprocessing = 0;
		};
/* End PBXCopyFilesBuildPhase section */

/* Begin PBXFileReference section */
		3808FBB4281DED4700BF6A4E /* KrakenVault.app */ = {isa = PBXFileReference; explicitFileType = wrapper.application; includeInIndex = 0; path = KrakenVault.app; sourceTree = BUILT_PRODUCTS_DIR; };
		3808FBB7281DED4700BF6A4E /* KrakenVaultApp.swift */ = {isa = PBXFileReference; lastKnownFileType = sourcecode.swift; path = KrakenVaultApp.swift; sourceTree = "<group>"; };
		3808FBBB281DED4700BF6A4E /* Assets.xcassets */ = {isa = PBXFileReference; lastKnownFileType = folder.assetcatalog; path = Assets.xcassets; sourceTree = "<group>"; };
		3808FBBE281DED4700BF6A4E /* Preview Assets.xcassets */ = {isa = PBXFileReference; lastKnownFileType = folder.assetcatalog; path = "Preview Assets.xcassets"; sourceTree = "<group>"; };
		3808FBC4281DED4700BF6A4E /* KrakenVaultTests.xctest */ = {isa = PBXFileReference; explicitFileType = wrapper.cfbundle; includeInIndex = 0; path = KrakenVaultTests.xctest; sourceTree = BUILT_PRODUCTS_DIR; };
		3808FBC8281DED4700BF6A4E /* PasswordGeneratorReducerTests.swift */ = {isa = PBXFileReference; lastKnownFileType = sourcecode.swift; path = PasswordGeneratorReducerTests.swift; sourceTree = "<group>"; };
		3808FBF2281DFB4F00BF6A4E /* AppAction.swift */ = {isa = PBXFileReference; lastKnownFileType = sourcecode.swift; path = AppAction.swift; sourceTree = "<group>"; };
		3808FBF4281DFB6400BF6A4E /* AppState.swift */ = {isa = PBXFileReference; lastKnownFileType = sourcecode.swift; path = AppState.swift; sourceTree = "<group>"; };
		3808FBF6281DFB7B00BF6A4E /* AppReducer.swift */ = {isa = PBXFileReference; lastKnownFileType = sourcecode.swift; path = AppReducer.swift; sourceTree = "<group>"; };
		380A671928381109001B8DE7 /* XCTestCase+MemoryLeaks.swift */ = {isa = PBXFileReference; lastKnownFileType = sourcecode.swift; path = "XCTestCase+MemoryLeaks.swift"; sourceTree = "<group>"; };
		380A671B2838113C001B8DE7 /* VaultStoreSpy.swift */ = {isa = PBXFileReference; lastKnownFileType = sourcecode.swift; path = VaultStoreSpy.swift; sourceTree = "<group>"; };
		380A672128382F4C001B8DE7 /* LocalVaultLoader+Publisher.swift */ = {isa = PBXFileReference; lastKnownFileType = sourcecode.swift; path = "LocalVaultLoader+Publisher.swift"; sourceTree = "<group>"; };
		380A672328382F71001B8DE7 /* VaultReducer.swift */ = {isa = PBXFileReference; lastKnownFileType = sourcecode.swift; path = VaultReducer.swift; sourceTree = "<group>"; };
		380A672528382FB2001B8DE7 /* PasswordVaultAction.swift */ = {isa = PBXFileReference; lastKnownFileType = sourcecode.swift; path = PasswordVaultAction.swift; sourceTree = "<group>"; };
		380A672728382FC4001B8DE7 /* PasswordVaultState.swift */ = {isa = PBXFileReference; lastKnownFileType = sourcecode.swift; path = PasswordVaultState.swift; sourceTree = "<group>"; };
		380A6729283830E1001B8DE7 /* SaveVaultItemsUseCaseTests.swift */ = {isa = PBXFileReference; lastKnownFileType = sourcecode.swift; path = SaveVaultItemsUseCaseTests.swift; sourceTree = "<group>"; };
		38150655283ABF4300F655E2 /* CoreDataVaultStoreTests.swift */ = {isa = PBXFileReference; lastKnownFileType = sourcecode.swift; path = CoreDataVaultStoreTests.swift; sourceTree = "<group>"; };
		38150658283AC0B900F655E2 /* CoreDataVaultStore.swift */ = {isa = PBXFileReference; lastKnownFileType = sourcecode.swift; path = CoreDataVaultStore.swift; sourceTree = "<group>"; };
		3815065B283AC53F00F655E2 /* KrakenVaultStore.xcdatamodel */ = {isa = PBXFileReference; lastKnownFileType = wrapper.xcdatamodel; path = KrakenVaultStore.xcdatamodel; sourceTree = "<group>"; };
		3815065D283AC73F00F655E2 /* ManagedVaultItem.swift */ = {isa = PBXFileReference; lastKnownFileType = sourcecode.swift; path = ManagedVaultItem.swift; sourceTree = "<group>"; };
		3815065F283ACD6900F655E2 /* CoreDataHelpers.swift */ = {isa = PBXFileReference; lastKnownFileType = sourcecode.swift; path = CoreDataHelpers.swift; sourceTree = "<group>"; };
		381692FD283D486F00F10BB2 /* CreatePasswordView.swift */ = {isa = PBXFileReference; lastKnownFileType = sourcecode.swift; path = CreatePasswordView.swift; sourceTree = "<group>"; };
		3839D775282D8B6300074923 /* ComposableArchitectureTestSupport.swift */ = {isa = PBXFileReference; lastKnownFileType = sourcecode.swift; path = ComposableArchitectureTestSupport.swift; sourceTree = "<group>"; };
		38527C9E282F31F800ACC933 /* App+UIActions.swift */ = {isa = PBXFileReference; lastKnownFileType = sourcecode.swift; path = "App+UIActions.swift"; sourceTree = "<group>"; };
		3893E0DD2837FE87007A80AF /* KrakenVaultCore.framework */ = {isa = PBXFileReference; explicitFileType = wrapper.framework; includeInIndex = 0; path = KrakenVaultCore.framework; sourceTree = BUILT_PRODUCTS_DIR; };
		3893E0DF2837FE87007A80AF /* KrakenVaultCore.h */ = {isa = PBXFileReference; lastKnownFileType = sourcecode.c.h; path = KrakenVaultCore.h; sourceTree = "<group>"; };
		3893E0E42837FE88007A80AF /* KrakenVaultCoreTests.xctest */ = {isa = PBXFileReference; explicitFileType = wrapper.cfbundle; includeInIndex = 0; path = KrakenVaultCoreTests.xctest; sourceTree = BUILT_PRODUCTS_DIR; };
		3893E0F92837FEAE007A80AF /* LocalVaultLoader.swift */ = {isa = PBXFileReference; lastKnownFileType = sourcecode.swift; path = LocalVaultLoader.swift; sourceTree = "<group>"; };
		3893E0FC28380039007A80AF /* LoadVaultItemsFromLocalStoreUseCaseTests.swift */ = {isa = PBXFileReference; lastKnownFileType = sourcecode.swift; path = LoadVaultItemsFromLocalStoreUseCaseTests.swift; sourceTree = "<group>"; };
		389E54FB2820699500F52D68 /* KrakenVaultMainView.swift */ = {isa = PBXFileReference; lastKnownFileType = sourcecode.swift; path = KrakenVaultMainView.swift; sourceTree = "<group>"; };
		389E54FE282090F500F52D68 /* PasswordVaultItemView.swift */ = {isa = PBXFileReference; lastKnownFileType = sourcecode.swift; path = PasswordVaultItemView.swift; sourceTree = "<group>"; };
		389E5500282091BB00F52D68 /* KrakenVaultView.swift */ = {isa = PBXFileReference; lastKnownFileType = sourcecode.swift; path = KrakenVaultView.swift; sourceTree = "<group>"; };
		38CA22E4283EA51F0085676E /* Operators.swift */ = {isa = PBXFileReference; lastKnownFileType = sourcecode.swift; path = Operators.swift; sourceTree = "<group>"; };
		38E11B8B2838337300D9B6A0 /* LocalVaultHelpers.swift */ = {isa = PBXFileReference; lastKnownFileType = sourcecode.swift; path = LocalVaultHelpers.swift; sourceTree = "<group>"; };
		38E11B8D2838374B00D9B6A0 /* Shared.swift */ = {isa = PBXFileReference; lastKnownFileType = sourcecode.swift; path = Shared.swift; sourceTree = "<group>"; };
		38E11B8F28383B2500D9B6A0 /* VaultItem.swift */ = {isa = PBXFileReference; lastKnownFileType = sourcecode.swift; path = VaultItem.swift; sourceTree = "<group>"; };
		38E11B9228383B4100D9B6A0 /* VaultStoreItem.swift */ = {isa = PBXFileReference; lastKnownFileType = sourcecode.swift; path = VaultStoreItem.swift; sourceTree = "<group>"; };
		38E11B9428383B5400D9B6A0 /* VaultStore.swift */ = {isa = PBXFileReference; lastKnownFileType = sourcecode.swift; path = VaultStore.swift; sourceTree = "<group>"; };
		38E11B9728383F2400D9B6A0 /* VaultLoader.swift */ = {isa = PBXFileReference; lastKnownFileType = sourcecode.swift; path = VaultLoader.swift; sourceTree = "<group>"; };
		38E11B9928383F3300D9B6A0 /* VaultSaver.swift */ = {isa = PBXFileReference; lastKnownFileType = sourcecode.swift; path = VaultSaver.swift; sourceTree = "<group>"; };
		38E11B9B2838462800D9B6A0 /* DeleteVaultItemsFromLocalStoreUseCaseTests.swift */ = {isa = PBXFileReference; lastKnownFileType = sourcecode.swift; path = DeleteVaultItemsFromLocalStoreUseCaseTests.swift; sourceTree = "<group>"; };
		C95A8037182EF2D465BD5C59 /* PasswordGeneratorAction.swift */ = {isa = PBXFileReference; fileEncoding = 4; lastKnownFileType = sourcecode.swift; path = PasswordGeneratorAction.swift; sourceTree = "<group>"; };
		C95A82384F587A66BBCAA5E2 /* PasswordGeneratorView.swift */ = {isa = PBXFileReference; fileEncoding = 4; lastKnownFileType = sourcecode.swift; path = PasswordGeneratorView.swift; sourceTree = "<group>"; };
		C95A89428ABDC35B417BF268 /* GeneratePasswordUseCase.swift */ = {isa = PBXFileReference; fileEncoding = 4; lastKnownFileType = sourcecode.swift; path = GeneratePasswordUseCase.swift; sourceTree = "<group>"; };
		C95A8B7589D1F892F6B7C957 /* PasswordGeneratorState.swift */ = {isa = PBXFileReference; fileEncoding = 4; lastKnownFileType = sourcecode.swift; path = PasswordGeneratorState.swift; sourceTree = "<group>"; };
		C95A8BD2859756CA7D898AB2 /* PasswordComponents.swift */ = {isa = PBXFileReference; fileEncoding = 4; lastKnownFileType = sourcecode.swift; path = PasswordComponents.swift; sourceTree = "<group>"; };
		C95A8F08EEBC3DA6AA4B2BE9 /* PasswordGeneratedReducer.swift */ = {isa = PBXFileReference; fileEncoding = 4; lastKnownFileType = sourcecode.swift; path = PasswordGeneratedReducer.swift; sourceTree = "<group>"; };
		C95A8FA2D9E30DD7AAECAB40 /* PasswordOptionToggle.swift */ = {isa = PBXFileReference; fileEncoding = 4; lastKnownFileType = sourcecode.swift; path = PasswordOptionToggle.swift; sourceTree = "<group>"; };
/* End PBXFileReference section */

/* Begin PBXFrameworksBuildPhase section */
		3808FBB1281DED4700BF6A4E /* Frameworks */ = {
			isa = PBXFrameworksBuildPhase;
			buildActionMask = 2147483647;
			files = (
				380A672028382D75001B8DE7 /* PowerfulCombine in Frameworks */,
				3893E0F02837FE88007A80AF /* KrakenVaultCore.framework in Frameworks */,
				383D1DDD282307C80066C185 /* ComposableArchitecture in Frameworks */,
			);
			runOnlyForDeploymentPostprocessing = 0;
		};
		3808FBC1281DED4700BF6A4E /* Frameworks */ = {
			isa = PBXFrameworksBuildPhase;
			buildActionMask = 2147483647;
			files = (
			);
			runOnlyForDeploymentPostprocessing = 0;
		};
		3893E0DA2837FE87007A80AF /* Frameworks */ = {
			isa = PBXFrameworksBuildPhase;
			buildActionMask = 2147483647;
			files = (
			);
			runOnlyForDeploymentPostprocessing = 0;
		};
		3893E0E12837FE88007A80AF /* Frameworks */ = {
			isa = PBXFrameworksBuildPhase;
			buildActionMask = 2147483647;
			files = (
				3893E0E52837FE88007A80AF /* KrakenVaultCore.framework in Frameworks */,
			);
			runOnlyForDeploymentPostprocessing = 0;
		};
/* End PBXFrameworksBuildPhase section */

/* Begin PBXGroup section */
		3808FBAB281DED4700BF6A4E = {
			isa = PBXGroup;
			children = (
				3808FBB6281DED4700BF6A4E /* KrakenVault */,
				3808FBC7281DED4700BF6A4E /* KrakenVaultTests */,
				3893E0DE2837FE87007A80AF /* KrakenVaultCore */,
				3893E0EA2837FE88007A80AF /* KrakenVaultCoreTests */,
				3808FBB5281DED4700BF6A4E /* Products */,
			);
			sourceTree = "<group>";
		};
		3808FBB5281DED4700BF6A4E /* Products */ = {
			isa = PBXGroup;
			children = (
				3808FBB4281DED4700BF6A4E /* KrakenVault.app */,
				3808FBC4281DED4700BF6A4E /* KrakenVaultTests.xctest */,
				3893E0DD2837FE87007A80AF /* KrakenVaultCore.framework */,
				3893E0E42837FE88007A80AF /* KrakenVaultCoreTests.xctest */,
			);
			name = Products;
			sourceTree = "<group>";
		};
		3808FBB6281DED4700BF6A4E /* KrakenVault */ = {
			isa = PBXGroup;
			children = (
				381692FF283D899000F10BB2 /* Create Password */,
				3808FBF1281DFB3D00BF6A4E /* Application */,
				389E54FD282090CE00F52D68 /* Vault Module */,
				3808FC0A281E1C2800BF6A4E /* Password Generator Module */,
				3808FBBB281DED4700BF6A4E /* Assets.xcassets */,
				3808FBBD281DED4700BF6A4E /* Preview Content */,
			);
			path = KrakenVault;
			sourceTree = "<group>";
		};
		3808FBBD281DED4700BF6A4E /* Preview Content */ = {
			isa = PBXGroup;
			children = (
				3808FBBE281DED4700BF6A4E /* Preview Assets.xcassets */,
			);
			path = "Preview Content";
			sourceTree = "<group>";
		};
		3808FBC7281DED4700BF6A4E /* KrakenVaultTests */ = {
			isa = PBXGroup;
			children = (
				3808FBC8281DED4700BF6A4E /* PasswordGeneratorReducerTests.swift */,
				3839D775282D8B6300074923 /* ComposableArchitectureTestSupport.swift */,
			);
			path = KrakenVaultTests;
			sourceTree = "<group>";
		};
		3808FBF1281DFB3D00BF6A4E /* Application */ = {
			isa = PBXGroup;
			children = (
				38527C9E282F31F800ACC933 /* App+UIActions.swift */,
				3808FBF2281DFB4F00BF6A4E /* AppAction.swift */,
				3808FBF6281DFB7B00BF6A4E /* AppReducer.swift */,
				3808FBF4281DFB6400BF6A4E /* AppState.swift */,
				3808FBB7281DED4700BF6A4E /* KrakenVaultApp.swift */,
				389E54FB2820699500F52D68 /* KrakenVaultMainView.swift */,
				38CA22E4283EA51F0085676E /* Operators.swift */,
			);
			path = Application;
			sourceTree = "<group>";
		};
		3808FC0A281E1C2800BF6A4E /* Password Generator Module */ = {
			isa = PBXGroup;
			children = (
				C95A8110717F4D18A1271483 /* Domain */,
				C95A8F08EEBC3DA6AA4B2BE9 /* PasswordGeneratedReducer.swift */,
				C95A8037182EF2D465BD5C59 /* PasswordGeneratorAction.swift */,
				C95A8B7589D1F892F6B7C957 /* PasswordGeneratorState.swift */,
				C95A82384F587A66BBCAA5E2 /* PasswordGeneratorView.swift */,
				C95A8FA2D9E30DD7AAECAB40 /* PasswordOptionToggle.swift */,
			);
			path = "Password Generator Module";
			sourceTree = "<group>";
		};
		380A6718283810FD001B8DE7 /* Helpers */ = {
			isa = PBXGroup;
			children = (
				380A671928381109001B8DE7 /* XCTestCase+MemoryLeaks.swift */,
				38E11B8D2838374B00D9B6A0 /* Shared.swift */,
			);
			path = Helpers;
			sourceTree = "<group>";
		};
		380A671D2838115C001B8DE7 /* Local Vault Feature */ = {
			isa = PBXGroup;
			children = (
				38E11B8A2838336200D9B6A0 /* Helpers */,
				38150655283ABF4300F655E2 /* CoreDataVaultStoreTests.swift */,
				38E11B9B2838462800D9B6A0 /* DeleteVaultItemsFromLocalStoreUseCaseTests.swift */,
				3893E0FC28380039007A80AF /* LoadVaultItemsFromLocalStoreUseCaseTests.swift */,
				380A6729283830E1001B8DE7 /* SaveVaultItemsUseCaseTests.swift */,
				380A671B2838113C001B8DE7 /* VaultStoreSpy.swift */,
			);
			path = "Local Vault Feature";
			sourceTree = "<group>";
		};
		38150657283AC0AA00F655E2 /* Infra */ = {
			isa = PBXGroup;
			children = (
				3815065F283ACD6900F655E2 /* CoreDataHelpers.swift */,
				38150658283AC0B900F655E2 /* CoreDataVaultStore.swift */,
				3815065D283AC73F00F655E2 /* ManagedVaultItem.swift */,
				3815065A283AC53F00F655E2 /* KrakenVaultStore.xcdatamodeld */,
			);
			path = Infra;
			sourceTree = "<group>";
		};
		381692FF283D899000F10BB2 /* Create Password */ = {
			isa = PBXGroup;
			children = (
				381692FD283D486F00F10BB2 /* CreatePasswordView.swift */,
			);
			path = "Create Password";
			sourceTree = "<group>";
		};
		3893E0DE2837FE87007A80AF /* KrakenVaultCore */ = {
			isa = PBXGroup;
			children = (
				38E11B9628383B7A00D9B6A0 /* Local Vault Store Feature */,
				3893E0DF2837FE87007A80AF /* KrakenVaultCore.h */,
			);
			path = KrakenVaultCore;
			sourceTree = "<group>";
		};
		3893E0EA2837FE88007A80AF /* KrakenVaultCoreTests */ = {
			isa = PBXGroup;
			children = (
				380A671D2838115C001B8DE7 /* Local Vault Feature */,
				380A6718283810FD001B8DE7 /* Helpers */,
			);
			path = KrakenVaultCoreTests;
			sourceTree = "<group>";
		};
		389E54FD282090CE00F52D68 /* Vault Module */ = {
			isa = PBXGroup;
			children = (
				389E5500282091BB00F52D68 /* KrakenVaultView.swift */,
				380A672128382F4C001B8DE7 /* LocalVaultLoader+Publisher.swift */,
				380A672528382FB2001B8DE7 /* PasswordVaultAction.swift */,
				389E54FE282090F500F52D68 /* PasswordVaultItemView.swift */,
				380A672728382FC4001B8DE7 /* PasswordVaultState.swift */,
				380A672328382F71001B8DE7 /* VaultReducer.swift */,
			);
			path = "Vault Module";
			sourceTree = "<group>";
		};
		38E11B8A2838336200D9B6A0 /* Helpers */ = {
			isa = PBXGroup;
			children = (
				38E11B8B2838337300D9B6A0 /* LocalVaultHelpers.swift */,
			);
			path = Helpers;
			sourceTree = "<group>";
		};
		38E11B9128383B3700D9B6A0 /* Vault Store */ = {
			isa = PBXGroup;
			children = (
				38150657283AC0AA00F655E2 /* Infra */,
				38E11B9228383B4100D9B6A0 /* VaultStoreItem.swift */,
				38E11B9428383B5400D9B6A0 /* VaultStore.swift */,
			);
			path = "Vault Store";
			sourceTree = "<group>";
		};
		38E11B9628383B7A00D9B6A0 /* Local Vault Store Feature */ = {
			isa = PBXGroup;
			children = (
				3893E0F92837FEAE007A80AF /* LocalVaultLoader.swift */,
				38E11B8F28383B2500D9B6A0 /* VaultItem.swift */,
				38E11B9728383F2400D9B6A0 /* VaultLoader.swift */,
				38E11B9928383F3300D9B6A0 /* VaultSaver.swift */,
				38E11B9128383B3700D9B6A0 /* Vault Store */,
			);
			path = "Local Vault Store Feature";
			sourceTree = "<group>";
		};
		C95A8110717F4D18A1271483 /* Domain */ = {
			isa = PBXGroup;
			children = (
				C95A89428ABDC35B417BF268 /* GeneratePasswordUseCase.swift */,
				C95A8BD2859756CA7D898AB2 /* PasswordComponents.swift */,
			);
			path = Domain;
			sourceTree = "<group>";
		};
/* End PBXGroup section */

/* Begin PBXHeadersBuildPhase section */
		3893E0D82837FE87007A80AF /* Headers */ = {
			isa = PBXHeadersBuildPhase;
			buildActionMask = 2147483647;
			files = (
				3893E0ED2837FE88007A80AF /* KrakenVaultCore.h in Headers */,
			);
			runOnlyForDeploymentPostprocessing = 0;
		};
/* End PBXHeadersBuildPhase section */

/* Begin PBXNativeTarget section */
		3808FBB3281DED4700BF6A4E /* KrakenVault */ = {
			isa = PBXNativeTarget;
			buildConfigurationList = 3808FBD8281DED4700BF6A4E /* Build configuration list for PBXNativeTarget "KrakenVault" */;
			buildPhases = (
				3808FBB0281DED4700BF6A4E /* Sources */,
				3808FBB1281DED4700BF6A4E /* Frameworks */,
				3808FBB2281DED4700BF6A4E /* Resources */,
				3893E0F22837FE88007A80AF /* Embed Frameworks */,
			);
			buildRules = (
			);
			dependencies = (
				3893E0EF2837FE88007A80AF /* PBXTargetDependency */,
			);
			name = KrakenVault;
			packageProductDependencies = (
				383D1DDC282307C80066C185 /* ComposableArchitecture */,
				380A671F28382D75001B8DE7 /* PowerfulCombine */,
			);
			productName = KrakenVault;
			productReference = 3808FBB4281DED4700BF6A4E /* KrakenVault.app */;
			productType = "com.apple.product-type.application";
		};
		3808FBC3281DED4700BF6A4E /* KrakenVaultTests */ = {
			isa = PBXNativeTarget;
			buildConfigurationList = 3808FBDB281DED4700BF6A4E /* Build configuration list for PBXNativeTarget "KrakenVaultTests" */;
			buildPhases = (
				3808FBC0281DED4700BF6A4E /* Sources */,
				3808FBC1281DED4700BF6A4E /* Frameworks */,
				3808FBC2281DED4700BF6A4E /* Resources */,
			);
			buildRules = (
			);
			dependencies = (
				3808FBC6281DED4700BF6A4E /* PBXTargetDependency */,
			);
			name = KrakenVaultTests;
			productName = KrakenVaultTests;
			productReference = 3808FBC4281DED4700BF6A4E /* KrakenVaultTests.xctest */;
			productType = "com.apple.product-type.bundle.unit-test";
		};
		3893E0DC2837FE87007A80AF /* KrakenVaultCore */ = {
			isa = PBXNativeTarget;
			buildConfigurationList = 3893E0F72837FE88007A80AF /* Build configuration list for PBXNativeTarget "KrakenVaultCore" */;
			buildPhases = (
				3893E0D82837FE87007A80AF /* Headers */,
				3893E0D92837FE87007A80AF /* Sources */,
				3893E0DA2837FE87007A80AF /* Frameworks */,
				3893E0DB2837FE87007A80AF /* Resources */,
			);
			buildRules = (
			);
			dependencies = (
			);
			name = KrakenVaultCore;
			productName = KrakenVaultCore;
			productReference = 3893E0DD2837FE87007A80AF /* KrakenVaultCore.framework */;
			productType = "com.apple.product-type.framework";
		};
		3893E0E32837FE88007A80AF /* KrakenVaultCoreTests */ = {
			isa = PBXNativeTarget;
			buildConfigurationList = 3893E0F82837FE88007A80AF /* Build configuration list for PBXNativeTarget "KrakenVaultCoreTests" */;
			buildPhases = (
				3893E0E02837FE88007A80AF /* Sources */,
				3893E0E12837FE88007A80AF /* Frameworks */,
				3893E0E22837FE88007A80AF /* Resources */,
			);
			buildRules = (
			);
			dependencies = (
				3893E0E72837FE88007A80AF /* PBXTargetDependency */,
				3893E0E92837FE88007A80AF /* PBXTargetDependency */,
			);
			name = KrakenVaultCoreTests;
			productName = KrakenVaultCoreTests;
			productReference = 3893E0E42837FE88007A80AF /* KrakenVaultCoreTests.xctest */;
			productType = "com.apple.product-type.bundle.unit-test";
		};
/* End PBXNativeTarget section */

/* Begin PBXProject section */
		3808FBAC281DED4700BF6A4E /* Project object */ = {
			isa = PBXProject;
			attributes = {
				BuildIndependentTargetsInParallel = 1;
				LastSwiftUpdateCheck = 1340;
				LastUpgradeCheck = 1330;
				ORGANIZATIONNAME = "J. Alfredo Hernández Alarcón";
				TargetAttributes = {
					3808FBB3281DED4700BF6A4E = {
						CreatedOnToolsVersion = 13.3.1;
					};
					3808FBC3281DED4700BF6A4E = {
						CreatedOnToolsVersion = 13.3.1;
						TestTargetID = 3808FBB3281DED4700BF6A4E;
					};
					3893E0DC2837FE87007A80AF = {
						CreatedOnToolsVersion = 13.4;
						LastSwiftMigration = 1340;
					};
					3893E0E32837FE88007A80AF = {
						CreatedOnToolsVersion = 13.4;
						LastSwiftMigration = 1340;
					};
				};
			};
			buildConfigurationList = 3808FBAF281DED4700BF6A4E /* Build configuration list for PBXProject "KrakenVault" */;
			compatibilityVersion = "Xcode 13.0";
			developmentRegion = en;
			hasScannedForEncodings = 0;
			knownRegions = (
				en,
				Base,
			);
			mainGroup = 3808FBAB281DED4700BF6A4E;
			packageReferences = (
				383D1DDB282307C80066C185 /* XCRemoteSwiftPackageReference "composable-architecture" */,
				380A671E28382D75001B8DE7 /* XCRemoteSwiftPackageReference "PowerfulCombine" */,
			);
			productRefGroup = 3808FBB5281DED4700BF6A4E /* Products */;
			projectDirPath = "";
			projectRoot = "";
			targets = (
				3808FBB3281DED4700BF6A4E /* KrakenVault */,
				3808FBC3281DED4700BF6A4E /* KrakenVaultTests */,
				3893E0DC2837FE87007A80AF /* KrakenVaultCore */,
				3893E0E32837FE88007A80AF /* KrakenVaultCoreTests */,
			);
		};
/* End PBXProject section */

/* Begin PBXResourcesBuildPhase section */
		3808FBB2281DED4700BF6A4E /* Resources */ = {
			isa = PBXResourcesBuildPhase;
			buildActionMask = 2147483647;
			files = (
				3808FBBF281DED4700BF6A4E /* Preview Assets.xcassets in Resources */,
				3808FBBC281DED4700BF6A4E /* Assets.xcassets in Resources */,
			);
			runOnlyForDeploymentPostprocessing = 0;
		};
		3808FBC2281DED4700BF6A4E /* Resources */ = {
			isa = PBXResourcesBuildPhase;
			buildActionMask = 2147483647;
			files = (
			);
			runOnlyForDeploymentPostprocessing = 0;
		};
		3893E0DB2837FE87007A80AF /* Resources */ = {
			isa = PBXResourcesBuildPhase;
			buildActionMask = 2147483647;
			files = (
			);
			runOnlyForDeploymentPostprocessing = 0;
		};
		3893E0E22837FE88007A80AF /* Resources */ = {
			isa = PBXResourcesBuildPhase;
			buildActionMask = 2147483647;
			files = (
			);
			runOnlyForDeploymentPostprocessing = 0;
		};
/* End PBXResourcesBuildPhase section */

/* Begin PBXSourcesBuildPhase section */
		3808FBB0281DED4700BF6A4E /* Sources */ = {
			isa = PBXSourcesBuildPhase;
			buildActionMask = 2147483647;
			files = (
				389E54FF282090F500F52D68 /* PasswordVaultItemView.swift in Sources */,
				380A672828382FC4001B8DE7 /* PasswordVaultState.swift in Sources */,
				38CA22E5283EA51F0085676E /* Operators.swift in Sources */,
				389E54FC2820699500F52D68 /* KrakenVaultMainView.swift in Sources */,
				3808FBF7281DFB7B00BF6A4E /* AppReducer.swift in Sources */,
				3808FBF5281DFB6400BF6A4E /* AppState.swift in Sources */,
				380A672228382F4C001B8DE7 /* LocalVaultLoader+Publisher.swift in Sources */,
				389E5501282091BB00F52D68 /* KrakenVaultView.swift in Sources */,
				3808FBF3281DFB4F00BF6A4E /* AppAction.swift in Sources */,
				38527C9F282F31F800ACC933 /* App+UIActions.swift in Sources */,
				3808FBB8281DED4700BF6A4E /* KrakenVaultApp.swift in Sources */,
				C95A83D853DED757993F98ED /* PasswordGeneratorState.swift in Sources */,
				C95A8ACF9DFB27BAEFACB7A0 /* PasswordGeneratorView.swift in Sources */,
				C95A87CA5EDC6D3B51386DA7 /* PasswordComponents.swift in Sources */,
				C95A81A8F6712A1CAD903EEC /* GeneratePasswordUseCase.swift in Sources */,
				380A672428382F71001B8DE7 /* VaultReducer.swift in Sources */,
				C95A8E20A8291F0B4D1FFBCD /* PasswordGeneratorAction.swift in Sources */,
				380A672628382FB2001B8DE7 /* PasswordVaultAction.swift in Sources */,
				381692FE283D486F00F10BB2 /* CreatePasswordView.swift in Sources */,
				C95A8A1A1DD2079467703474 /* PasswordOptionToggle.swift in Sources */,
				C95A8A038574BA2B6187115D /* PasswordGeneratedReducer.swift in Sources */,
			);
			runOnlyForDeploymentPostprocessing = 0;
		};
		3808FBC0281DED4700BF6A4E /* Sources */ = {
			isa = PBXSourcesBuildPhase;
			buildActionMask = 2147483647;
			files = (
				3808FBC9281DED4700BF6A4E /* PasswordGeneratorReducerTests.swift in Sources */,
				3839D776282D8B6300074923 /* ComposableArchitectureTestSupport.swift in Sources */,
			);
			runOnlyForDeploymentPostprocessing = 0;
		};
		3893E0D92837FE87007A80AF /* Sources */ = {
			isa = PBXSourcesBuildPhase;
			buildActionMask = 2147483647;
			files = (
				38150660283ACD6900F655E2 /* CoreDataHelpers.swift in Sources */,
				38E11B9528383B5400D9B6A0 /* VaultStore.swift in Sources */,
				3893E0FA2837FEAE007A80AF /* LocalVaultLoader.swift in Sources */,
				3815065C283AC53F00F655E2 /* KrakenVaultStore.xcdatamodeld in Sources */,
				38E11B9828383F2400D9B6A0 /* VaultLoader.swift in Sources */,
				38E11B9028383B2500D9B6A0 /* VaultItem.swift in Sources */,
				38150659283AC0B900F655E2 /* CoreDataVaultStore.swift in Sources */,
				38E11B9A28383F3300D9B6A0 /* VaultSaver.swift in Sources */,
				38E11B9328383B4100D9B6A0 /* VaultStoreItem.swift in Sources */,
				3815065E283AC73F00F655E2 /* ManagedVaultItem.swift in Sources */,
			);
			runOnlyForDeploymentPostprocessing = 0;
		};
		3893E0E02837FE88007A80AF /* Sources */ = {
			isa = PBXSourcesBuildPhase;
			buildActionMask = 2147483647;
			files = (
				38E11B8E2838374B00D9B6A0 /* Shared.swift in Sources */,
				380A672A283830E1001B8DE7 /* SaveVaultItemsUseCaseTests.swift in Sources */,
				380A671C2838113C001B8DE7 /* VaultStoreSpy.swift in Sources */,
				380A671A28381109001B8DE7 /* XCTestCase+MemoryLeaks.swift in Sources */,
				38E11B9C2838462800D9B6A0 /* DeleteVaultItemsFromLocalStoreUseCaseTests.swift in Sources */,
				3893E0FE2838008E007A80AF /* LoadVaultItemsFromLocalStoreUseCaseTests.swift in Sources */,
				38E11B8C2838337300D9B6A0 /* LocalVaultHelpers.swift in Sources */,
				38150656283ABF4300F655E2 /* CoreDataVaultStoreTests.swift in Sources */,
			);
			runOnlyForDeploymentPostprocessing = 0;
		};
/* End PBXSourcesBuildPhase section */

/* Begin PBXTargetDependency section */
		3808FBC6281DED4700BF6A4E /* PBXTargetDependency */ = {
			isa = PBXTargetDependency;
			target = 3808FBB3281DED4700BF6A4E /* KrakenVault */;
			targetProxy = 3808FBC5281DED4700BF6A4E /* PBXContainerItemProxy */;
		};
		3893E0E72837FE88007A80AF /* PBXTargetDependency */ = {
			isa = PBXTargetDependency;
			target = 3893E0DC2837FE87007A80AF /* KrakenVaultCore */;
			targetProxy = 3893E0E62837FE88007A80AF /* PBXContainerItemProxy */;
		};
		3893E0E92837FE88007A80AF /* PBXTargetDependency */ = {
			isa = PBXTargetDependency;
			target = 3808FBB3281DED4700BF6A4E /* KrakenVault */;
			targetProxy = 3893E0E82837FE88007A80AF /* PBXContainerItemProxy */;
		};
		3893E0EF2837FE88007A80AF /* PBXTargetDependency */ = {
			isa = PBXTargetDependency;
			target = 3893E0DC2837FE87007A80AF /* KrakenVaultCore */;
			targetProxy = 3893E0EE2837FE88007A80AF /* PBXContainerItemProxy */;
		};
/* End PBXTargetDependency section */

/* Begin XCBuildConfiguration section */
		3808FBD6281DED4700BF6A4E /* Debug */ = {
			isa = XCBuildConfiguration;
			buildSettings = {
				ALWAYS_SEARCH_USER_PATHS = NO;
				CLANG_ANALYZER_NONNULL = YES;
				CLANG_ANALYZER_NUMBER_OBJECT_CONVERSION = YES_AGGRESSIVE;
				CLANG_CXX_LANGUAGE_STANDARD = "gnu++17";
				CLANG_ENABLE_MODULES = YES;
				CLANG_ENABLE_OBJC_ARC = YES;
				CLANG_ENABLE_OBJC_WEAK = YES;
				CLANG_WARN_BLOCK_CAPTURE_AUTORELEASING = YES;
				CLANG_WARN_BOOL_CONVERSION = YES;
				CLANG_WARN_COMMA = YES;
				CLANG_WARN_CONSTANT_CONVERSION = YES;
				CLANG_WARN_DEPRECATED_OBJC_IMPLEMENTATIONS = YES;
				CLANG_WARN_DIRECT_OBJC_ISA_USAGE = YES_ERROR;
				CLANG_WARN_DOCUMENTATION_COMMENTS = YES;
				CLANG_WARN_EMPTY_BODY = YES;
				CLANG_WARN_ENUM_CONVERSION = YES;
				CLANG_WARN_INFINITE_RECURSION = YES;
				CLANG_WARN_INT_CONVERSION = YES;
				CLANG_WARN_NON_LITERAL_NULL_CONVERSION = YES;
				CLANG_WARN_OBJC_IMPLICIT_RETAIN_SELF = YES;
				CLANG_WARN_OBJC_LITERAL_CONVERSION = YES;
				CLANG_WARN_OBJC_ROOT_CLASS = YES_ERROR;
				CLANG_WARN_QUOTED_INCLUDE_IN_FRAMEWORK_HEADER = YES;
				CLANG_WARN_RANGE_LOOP_ANALYSIS = YES;
				CLANG_WARN_STRICT_PROTOTYPES = YES;
				CLANG_WARN_SUSPICIOUS_MOVE = YES;
				CLANG_WARN_UNGUARDED_AVAILABILITY = YES_AGGRESSIVE;
				CLANG_WARN_UNREACHABLE_CODE = YES;
				CLANG_WARN__DUPLICATE_METHOD_MATCH = YES;
				COPY_PHASE_STRIP = NO;
				DEBUG_INFORMATION_FORMAT = dwarf;
				ENABLE_STRICT_OBJC_MSGSEND = YES;
				ENABLE_TESTABILITY = YES;
				ENABLE_TESTING_SEARCH_PATHS = NO;
				GCC_C_LANGUAGE_STANDARD = gnu11;
				GCC_DYNAMIC_NO_PIC = NO;
				GCC_NO_COMMON_BLOCKS = YES;
				GCC_OPTIMIZATION_LEVEL = 0;
				GCC_PREPROCESSOR_DEFINITIONS = (
					"DEBUG=1",
					"$(inherited)",
				);
				GCC_WARN_64_TO_32_BIT_CONVERSION = YES;
				GCC_WARN_ABOUT_RETURN_TYPE = YES_ERROR;
				GCC_WARN_UNDECLARED_SELECTOR = YES;
				GCC_WARN_UNINITIALIZED_AUTOS = YES_AGGRESSIVE;
				GCC_WARN_UNUSED_FUNCTION = YES;
				GCC_WARN_UNUSED_VARIABLE = YES;
				IPHONEOS_DEPLOYMENT_TARGET = 15.4;
				MTL_ENABLE_DEBUG_INFO = INCLUDE_SOURCE;
				MTL_FAST_MATH = YES;
				ONLY_ACTIVE_ARCH = YES;
				SDKROOT = iphoneos;
				SWIFT_ACTIVE_COMPILATION_CONDITIONS = DEBUG;
				SWIFT_OPTIMIZATION_LEVEL = "-Onone";
			};
			name = Debug;
		};
		3808FBD7281DED4700BF6A4E /* Release */ = {
			isa = XCBuildConfiguration;
			buildSettings = {
				ALWAYS_SEARCH_USER_PATHS = NO;
				CLANG_ANALYZER_NONNULL = YES;
				CLANG_ANALYZER_NUMBER_OBJECT_CONVERSION = YES_AGGRESSIVE;
				CLANG_CXX_LANGUAGE_STANDARD = "gnu++17";
				CLANG_ENABLE_MODULES = YES;
				CLANG_ENABLE_OBJC_ARC = YES;
				CLANG_ENABLE_OBJC_WEAK = YES;
				CLANG_WARN_BLOCK_CAPTURE_AUTORELEASING = YES;
				CLANG_WARN_BOOL_CONVERSION = YES;
				CLANG_WARN_COMMA = YES;
				CLANG_WARN_CONSTANT_CONVERSION = YES;
				CLANG_WARN_DEPRECATED_OBJC_IMPLEMENTATIONS = YES;
				CLANG_WARN_DIRECT_OBJC_ISA_USAGE = YES_ERROR;
				CLANG_WARN_DOCUMENTATION_COMMENTS = YES;
				CLANG_WARN_EMPTY_BODY = YES;
				CLANG_WARN_ENUM_CONVERSION = YES;
				CLANG_WARN_INFINITE_RECURSION = YES;
				CLANG_WARN_INT_CONVERSION = YES;
				CLANG_WARN_NON_LITERAL_NULL_CONVERSION = YES;
				CLANG_WARN_OBJC_IMPLICIT_RETAIN_SELF = YES;
				CLANG_WARN_OBJC_LITERAL_CONVERSION = YES;
				CLANG_WARN_OBJC_ROOT_CLASS = YES_ERROR;
				CLANG_WARN_QUOTED_INCLUDE_IN_FRAMEWORK_HEADER = YES;
				CLANG_WARN_RANGE_LOOP_ANALYSIS = YES;
				CLANG_WARN_STRICT_PROTOTYPES = YES;
				CLANG_WARN_SUSPICIOUS_MOVE = YES;
				CLANG_WARN_UNGUARDED_AVAILABILITY = YES_AGGRESSIVE;
				CLANG_WARN_UNREACHABLE_CODE = YES;
				CLANG_WARN__DUPLICATE_METHOD_MATCH = YES;
				COPY_PHASE_STRIP = NO;
				DEBUG_INFORMATION_FORMAT = "dwarf-with-dsym";
				ENABLE_NS_ASSERTIONS = NO;
				ENABLE_STRICT_OBJC_MSGSEND = YES;
				ENABLE_TESTING_SEARCH_PATHS = NO;
				GCC_C_LANGUAGE_STANDARD = gnu11;
				GCC_NO_COMMON_BLOCKS = YES;
				GCC_WARN_64_TO_32_BIT_CONVERSION = YES;
				GCC_WARN_ABOUT_RETURN_TYPE = YES_ERROR;
				GCC_WARN_UNDECLARED_SELECTOR = YES;
				GCC_WARN_UNINITIALIZED_AUTOS = YES_AGGRESSIVE;
				GCC_WARN_UNUSED_FUNCTION = YES;
				GCC_WARN_UNUSED_VARIABLE = YES;
				IPHONEOS_DEPLOYMENT_TARGET = 15.4;
				MTL_ENABLE_DEBUG_INFO = NO;
				MTL_FAST_MATH = YES;
				SDKROOT = iphoneos;
				SWIFT_COMPILATION_MODE = wholemodule;
				SWIFT_OPTIMIZATION_LEVEL = "-O";
				VALIDATE_PRODUCT = YES;
			};
			name = Release;
		};
		3808FBD9281DED4700BF6A4E /* Debug */ = {
			isa = XCBuildConfiguration;
			buildSettings = {
				ALWAYS_EMBED_SWIFT_STANDARD_LIBRARIES = YES;
				ASSETCATALOG_COMPILER_APPICON_NAME = AppIcon;
				ASSETCATALOG_COMPILER_GLOBAL_ACCENT_COLOR_NAME = AccentColor;
				CODE_SIGN_STYLE = Automatic;
				CURRENT_PROJECT_VERSION = 1;
				DEVELOPMENT_ASSET_PATHS = "\"KrakenVault/Preview Content\"";
				DEVELOPMENT_TEAM = HS399QXLRD;
				ENABLE_PREVIEWS = YES;
				GENERATE_INFOPLIST_FILE = YES;
				INFOPLIST_KEY_UIApplicationSceneManifest_Generation = YES;
				INFOPLIST_KEY_UIApplicationSupportsIndirectInputEvents = YES;
				INFOPLIST_KEY_UILaunchScreen_Generation = YES;
				INFOPLIST_KEY_UISupportedInterfaceOrientations_iPad = "UIInterfaceOrientationPortrait UIInterfaceOrientationPortraitUpsideDown UIInterfaceOrientationLandscapeLeft UIInterfaceOrientationLandscapeRight";
				INFOPLIST_KEY_UISupportedInterfaceOrientations_iPhone = "UIInterfaceOrientationPortrait UIInterfaceOrientationLandscapeLeft UIInterfaceOrientationLandscapeRight";
				IPHONEOS_DEPLOYMENT_TARGET = 15.0;
				LD_RUNPATH_SEARCH_PATHS = (
					"$(inherited)",
					"@executable_path/Frameworks",
				);
				MARKETING_VERSION = 1.0;
				PRODUCT_BUNDLE_IDENTIFIER = io.alfredohdz.KrakenVault;
				PRODUCT_NAME = "$(TARGET_NAME)";
				SWIFT_EMIT_LOC_STRINGS = YES;
				SWIFT_VERSION = 5.0;
				TARGETED_DEVICE_FAMILY = 1;
			};
			name = Debug;
		};
		3808FBDA281DED4700BF6A4E /* Release */ = {
			isa = XCBuildConfiguration;
			buildSettings = {
				ALWAYS_EMBED_SWIFT_STANDARD_LIBRARIES = YES;
				ASSETCATALOG_COMPILER_APPICON_NAME = AppIcon;
				ASSETCATALOG_COMPILER_GLOBAL_ACCENT_COLOR_NAME = AccentColor;
				CODE_SIGN_STYLE = Automatic;
				CURRENT_PROJECT_VERSION = 1;
				DEVELOPMENT_ASSET_PATHS = "\"KrakenVault/Preview Content\"";
				DEVELOPMENT_TEAM = HS399QXLRD;
				ENABLE_PREVIEWS = YES;
				GENERATE_INFOPLIST_FILE = YES;
				INFOPLIST_KEY_UIApplicationSceneManifest_Generation = YES;
				INFOPLIST_KEY_UIApplicationSupportsIndirectInputEvents = YES;
				INFOPLIST_KEY_UILaunchScreen_Generation = YES;
				INFOPLIST_KEY_UISupportedInterfaceOrientations_iPad = "UIInterfaceOrientationPortrait UIInterfaceOrientationPortraitUpsideDown UIInterfaceOrientationLandscapeLeft UIInterfaceOrientationLandscapeRight";
				INFOPLIST_KEY_UISupportedInterfaceOrientations_iPhone = "UIInterfaceOrientationPortrait UIInterfaceOrientationLandscapeLeft UIInterfaceOrientationLandscapeRight";
				IPHONEOS_DEPLOYMENT_TARGET = 15.0;
				LD_RUNPATH_SEARCH_PATHS = (
					"$(inherited)",
					"@executable_path/Frameworks",
				);
				MARKETING_VERSION = 1.0;
				PRODUCT_BUNDLE_IDENTIFIER = io.alfredohdz.KrakenVault;
				PRODUCT_NAME = "$(TARGET_NAME)";
				SWIFT_EMIT_LOC_STRINGS = YES;
				SWIFT_VERSION = 5.0;
				TARGETED_DEVICE_FAMILY = 1;
			};
			name = Release;
		};
		3808FBDC281DED4700BF6A4E /* Debug */ = {
			isa = XCBuildConfiguration;
			buildSettings = {
				ALWAYS_EMBED_SWIFT_STANDARD_LIBRARIES = YES;
				BUNDLE_LOADER = "$(TEST_HOST)";
				CODE_SIGN_STYLE = Automatic;
				CURRENT_PROJECT_VERSION = 1;
				DEVELOPMENT_TEAM = HS399QXLRD;
				ENABLE_TESTING_SEARCH_PATHS = YES;
				GENERATE_INFOPLIST_FILE = YES;
				IPHONEOS_DEPLOYMENT_TARGET = 15.4;
				MARKETING_VERSION = 1.0;
				PRODUCT_BUNDLE_IDENTIFIER = io.alfredohdz.KrakenVaultTests;
				PRODUCT_NAME = "$(TARGET_NAME)";
				SWIFT_EMIT_LOC_STRINGS = NO;
				SWIFT_VERSION = 5.0;
				TARGETED_DEVICE_FAMILY = "1,2";
				TEST_HOST = "$(BUILT_PRODUCTS_DIR)/KrakenVault.app/KrakenVault";
			};
			name = Debug;
		};
		3808FBDD281DED4700BF6A4E /* Release */ = {
			isa = XCBuildConfiguration;
			buildSettings = {
				ALWAYS_EMBED_SWIFT_STANDARD_LIBRARIES = YES;
				BUNDLE_LOADER = "$(TEST_HOST)";
				CODE_SIGN_STYLE = Automatic;
				CURRENT_PROJECT_VERSION = 1;
				DEVELOPMENT_TEAM = HS399QXLRD;
				ENABLE_TESTING_SEARCH_PATHS = YES;
				GENERATE_INFOPLIST_FILE = YES;
				IPHONEOS_DEPLOYMENT_TARGET = 15.4;
				MARKETING_VERSION = 1.0;
				PRODUCT_BUNDLE_IDENTIFIER = io.alfredohdz.KrakenVaultTests;
				PRODUCT_NAME = "$(TARGET_NAME)";
				SWIFT_EMIT_LOC_STRINGS = NO;
				SWIFT_VERSION = 5.0;
				TARGETED_DEVICE_FAMILY = "1,2";
				TEST_HOST = "$(BUILT_PRODUCTS_DIR)/KrakenVault.app/KrakenVault";
			};
			name = Release;
		};
		3893E0F32837FE88007A80AF /* Debug */ = {
			isa = XCBuildConfiguration;
			buildSettings = {
				CLANG_ENABLE_MODULES = YES;
				CODE_SIGN_STYLE = Automatic;
				CURRENT_PROJECT_VERSION = 1;
				DEFINES_MODULE = YES;
				DEVELOPMENT_TEAM = HS399QXLRD;
				DYLIB_COMPATIBILITY_VERSION = 1;
				DYLIB_CURRENT_VERSION = 1;
				DYLIB_INSTALL_NAME_BASE = "@rpath";
				GENERATE_INFOPLIST_FILE = YES;
				INFOPLIST_KEY_NSHumanReadableCopyright = "Copyright © 2022 J. Alfredo Hernández Alarcón. All rights reserved.";
				INSTALL_PATH = "$(LOCAL_LIBRARY_DIR)/Frameworks";
				IPHONEOS_DEPLOYMENT_TARGET = 15.0;
				LD_RUNPATH_SEARCH_PATHS = (
					"$(inherited)",
					"@executable_path/Frameworks",
					"@loader_path/Frameworks",
				);
				MARKETING_VERSION = 1.0;
				PRODUCT_BUNDLE_IDENTIFIER = io.alfredohdz.KrakenVaultCore;
				PRODUCT_NAME = "$(TARGET_NAME:c99extidentifier)";
				SKIP_INSTALL = YES;
				SWIFT_EMIT_LOC_STRINGS = YES;
				SWIFT_OPTIMIZATION_LEVEL = "-Onone";
				SWIFT_VERSION = 5.0;
				TARGETED_DEVICE_FAMILY = "1,2";
				VERSIONING_SYSTEM = "apple-generic";
				VERSION_INFO_PREFIX = "";
			};
			name = Debug;
		};
		3893E0F42837FE88007A80AF /* Release */ = {
			isa = XCBuildConfiguration;
			buildSettings = {
				CLANG_ENABLE_MODULES = YES;
				CODE_SIGN_STYLE = Automatic;
				CURRENT_PROJECT_VERSION = 1;
				DEFINES_MODULE = YES;
				DEVELOPMENT_TEAM = HS399QXLRD;
				DYLIB_COMPATIBILITY_VERSION = 1;
				DYLIB_CURRENT_VERSION = 1;
				DYLIB_INSTALL_NAME_BASE = "@rpath";
				GENERATE_INFOPLIST_FILE = YES;
				INFOPLIST_KEY_NSHumanReadableCopyright = "Copyright © 2022 J. Alfredo Hernández Alarcón. All rights reserved.";
				INSTALL_PATH = "$(LOCAL_LIBRARY_DIR)/Frameworks";
				IPHONEOS_DEPLOYMENT_TARGET = 15.0;
				LD_RUNPATH_SEARCH_PATHS = (
					"$(inherited)",
					"@executable_path/Frameworks",
					"@loader_path/Frameworks",
				);
				MARKETING_VERSION = 1.0;
				PRODUCT_BUNDLE_IDENTIFIER = io.alfredohdz.KrakenVaultCore;
				PRODUCT_NAME = "$(TARGET_NAME:c99extidentifier)";
				SKIP_INSTALL = YES;
				SWIFT_EMIT_LOC_STRINGS = YES;
				SWIFT_VERSION = 5.0;
				TARGETED_DEVICE_FAMILY = "1,2";
				VERSIONING_SYSTEM = "apple-generic";
				VERSION_INFO_PREFIX = "";
			};
			name = Release;
		};
		3893E0F52837FE88007A80AF /* Debug */ = {
			isa = XCBuildConfiguration;
			buildSettings = {
				ALWAYS_EMBED_SWIFT_STANDARD_LIBRARIES = YES;
				CLANG_ENABLE_MODULES = YES;
				CODE_SIGN_STYLE = Automatic;
				CURRENT_PROJECT_VERSION = 1;
				DEVELOPMENT_TEAM = HS399QXLRD;
				ENABLE_TESTING_SEARCH_PATHS = YES;
				GENERATE_INFOPLIST_FILE = YES;
				IPHONEOS_DEPLOYMENT_TARGET = 15.5;
				LD_RUNPATH_SEARCH_PATHS = (
					"$(inherited)",
					"@executable_path/Frameworks",
					"@loader_path/Frameworks",
				);
				MARKETING_VERSION = 1.0;
				PRODUCT_BUNDLE_IDENTIFIER = io.alfredohdz.KrakenVaultCoreTests;
				PRODUCT_NAME = "$(TARGET_NAME)";
				SWIFT_EMIT_LOC_STRINGS = NO;
				SWIFT_OPTIMIZATION_LEVEL = "-Onone";
				SWIFT_VERSION = 5.0;
				TARGETED_DEVICE_FAMILY = "1,2";
			};
			name = Debug;
		};
		3893E0F62837FE88007A80AF /* Release */ = {
			isa = XCBuildConfiguration;
			buildSettings = {
				ALWAYS_EMBED_SWIFT_STANDARD_LIBRARIES = YES;
				CLANG_ENABLE_MODULES = YES;
				CODE_SIGN_STYLE = Automatic;
				CURRENT_PROJECT_VERSION = 1;
				DEVELOPMENT_TEAM = HS399QXLRD;
				ENABLE_TESTING_SEARCH_PATHS = YES;
				GENERATE_INFOPLIST_FILE = YES;
				IPHONEOS_DEPLOYMENT_TARGET = 15.5;
				LD_RUNPATH_SEARCH_PATHS = (
					"$(inherited)",
					"@executable_path/Frameworks",
					"@loader_path/Frameworks",
				);
				MARKETING_VERSION = 1.0;
				PRODUCT_BUNDLE_IDENTIFIER = io.alfredohdz.KrakenVaultCoreTests;
				PRODUCT_NAME = "$(TARGET_NAME)";
				SWIFT_EMIT_LOC_STRINGS = NO;
				SWIFT_VERSION = 5.0;
				TARGETED_DEVICE_FAMILY = "1,2";
			};
			name = Release;
		};
/* End XCBuildConfiguration section */

/* Begin XCConfigurationList section */
		3808FBAF281DED4700BF6A4E /* Build configuration list for PBXProject "KrakenVault" */ = {
			isa = XCConfigurationList;
			buildConfigurations = (
				3808FBD6281DED4700BF6A4E /* Debug */,
				3808FBD7281DED4700BF6A4E /* Release */,
			);
			defaultConfigurationIsVisible = 0;
			defaultConfigurationName = Release;
		};
		3808FBD8281DED4700BF6A4E /* Build configuration list for PBXNativeTarget "KrakenVault" */ = {
			isa = XCConfigurationList;
			buildConfigurations = (
				3808FBD9281DED4700BF6A4E /* Debug */,
				3808FBDA281DED4700BF6A4E /* Release */,
			);
			defaultConfigurationIsVisible = 0;
			defaultConfigurationName = Release;
		};
		3808FBDB281DED4700BF6A4E /* Build configuration list for PBXNativeTarget "KrakenVaultTests" */ = {
			isa = XCConfigurationList;
			buildConfigurations = (
				3808FBDC281DED4700BF6A4E /* Debug */,
				3808FBDD281DED4700BF6A4E /* Release */,
			);
			defaultConfigurationIsVisible = 0;
			defaultConfigurationName = Release;
		};
		3893E0F72837FE88007A80AF /* Build configuration list for PBXNativeTarget "KrakenVaultCore" */ = {
			isa = XCConfigurationList;
			buildConfigurations = (
				3893E0F32837FE88007A80AF /* Debug */,
				3893E0F42837FE88007A80AF /* Release */,
			);
			defaultConfigurationIsVisible = 0;
			defaultConfigurationName = Release;
		};
		3893E0F82837FE88007A80AF /* Build configuration list for PBXNativeTarget "KrakenVaultCoreTests" */ = {
			isa = XCConfigurationList;
			buildConfigurations = (
				3893E0F52837FE88007A80AF /* Debug */,
				3893E0F62837FE88007A80AF /* Release */,
			);
			defaultConfigurationIsVisible = 0;
			defaultConfigurationName = Release;
		};
/* End XCConfigurationList section */

/* Begin XCRemoteSwiftPackageReference section */
		380A671E28382D75001B8DE7 /* XCRemoteSwiftPackageReference "PowerfulCombine" */ = {
			isa = XCRemoteSwiftPackageReference;
			repositoryURL = "https://github.com/AlfredoHernandez/PowerfulCombine.git";
			requirement = {
				branch = main;
				kind = branch;
			};
		};
		383D1DDB282307C80066C185 /* XCRemoteSwiftPackageReference "composable-architecture" */ = {
			isa = XCRemoteSwiftPackageReference;
			repositoryURL = "https://github.com/AlfredoHernandez/composable-architecture.git";
			requirement = {
				branch = main;
				kind = branch;
			};
		};
/* End XCRemoteSwiftPackageReference section */

/* Begin XCSwiftPackageProductDependency section */
		380A671F28382D75001B8DE7 /* PowerfulCombine */ = {
			isa = XCSwiftPackageProductDependency;
			package = 380A671E28382D75001B8DE7 /* XCRemoteSwiftPackageReference "PowerfulCombine" */;
			productName = PowerfulCombine;
		};
		383D1DDC282307C80066C185 /* ComposableArchitecture */ = {
			isa = XCSwiftPackageProductDependency;
			package = 383D1DDB282307C80066C185 /* XCRemoteSwiftPackageReference "composable-architecture" */;
			productName = ComposableArchitecture;
		};
/* End XCSwiftPackageProductDependency section */

/* Begin XCVersionGroup section */
		3815065A283AC53F00F655E2 /* KrakenVaultStore.xcdatamodeld */ = {
			isa = XCVersionGroup;
			children = (
				3815065B283AC53F00F655E2 /* KrakenVaultStore.xcdatamodel */,
			);
			currentVersion = 3815065B283AC53F00F655E2 /* KrakenVaultStore.xcdatamodel */;
			path = KrakenVaultStore.xcdatamodeld;
			sourceTree = "<group>";
			versionGroupType = wrapper.xcdatamodel;
		};
/* End XCVersionGroup section */
	};
	rootObject = 3808FBAC281DED4700BF6A4E /* Project object */;
}
