// !$*UTF8*$!
{
	archiveVersion = 1;
	classes = {
	};
	objectVersion = 55;
	objects = {

/* Begin PBXBuildFile section */
		3808FBB8281DED4700BF6A4E /* KrakenVaultApp.swift in Sources */ = {isa = PBXBuildFile; fileRef = 3808FBB7281DED4700BF6A4E /* KrakenVaultApp.swift */; };
		3808FBBA281DED4700BF6A4E /* PasswordGeneratorView.swift in Sources */ = {isa = PBXBuildFile; fileRef = 3808FBB9281DED4700BF6A4E /* PasswordGeneratorView.swift */; };
		3808FBBC281DED4700BF6A4E /* Assets.xcassets in Resources */ = {isa = PBXBuildFile; fileRef = 3808FBBB281DED4700BF6A4E /* Assets.xcassets */; };
		3808FBBF281DED4700BF6A4E /* Preview Assets.xcassets in Resources */ = {isa = PBXBuildFile; fileRef = 3808FBBE281DED4700BF6A4E /* Preview Assets.xcassets */; };
		3808FBC9281DED4700BF6A4E /* KrakenVaultTests.swift in Sources */ = {isa = PBXBuildFile; fileRef = 3808FBC8281DED4700BF6A4E /* KrakenVaultTests.swift */; };
		3808FBE3281DF0D400BF6A4E /* Store.swift in Sources */ = {isa = PBXBuildFile; fileRef = 3808FBE2281DF0D400BF6A4E /* Store.swift */; };
		3808FBE5281DF10400BF6A4E /* Pullback.swift in Sources */ = {isa = PBXBuildFile; fileRef = 3808FBE4281DF10400BF6A4E /* Pullback.swift */; };
		3808FBE7281DF11800BF6A4E /* Combine.swift in Sources */ = {isa = PBXBuildFile; fileRef = 3808FBE6281DF11800BF6A4E /* Combine.swift */; };
		3808FBED281DF98000BF6A4E /* PasswordGeneratedAction.swift in Sources */ = {isa = PBXBuildFile; fileRef = 3808FBEC281DF98000BF6A4E /* PasswordGeneratedAction.swift */; };
		3808FBEF281DF99900BF6A4E /* PasswordGeneratedView.swift in Sources */ = {isa = PBXBuildFile; fileRef = 3808FBEE281DF99900BF6A4E /* PasswordGeneratedView.swift */; };
		3808FBF3281DFB4F00BF6A4E /* AppAction.swift in Sources */ = {isa = PBXBuildFile; fileRef = 3808FBF2281DFB4F00BF6A4E /* AppAction.swift */; };
		3808FBF5281DFB6400BF6A4E /* AppState.swift in Sources */ = {isa = PBXBuildFile; fileRef = 3808FBF4281DFB6400BF6A4E /* AppState.swift */; };
		3808FBF7281DFB7B00BF6A4E /* AppReducer.swift in Sources */ = {isa = PBXBuildFile; fileRef = 3808FBF6281DFB7B00BF6A4E /* AppReducer.swift */; };
		3808FBF9281E062700BF6A4E /* PasswordGeneratorAction.swift in Sources */ = {isa = PBXBuildFile; fileRef = 3808FBF8281E062700BF6A4E /* PasswordGeneratorAction.swift */; };
		3808FBFB281E063200BF6A4E /* PasswordGeneratorState.swift in Sources */ = {isa = PBXBuildFile; fileRef = 3808FBFA281E063200BF6A4E /* PasswordGeneratorState.swift */; };
		3808FBFD281E064600BF6A4E /* PasswordGeneratorReducer.swift in Sources */ = {isa = PBXBuildFile; fileRef = 3808FBFC281E064600BF6A4E /* PasswordGeneratorReducer.swift */; };
		3808FBFF281E0FF100BF6A4E /* PasswordComponents.swift in Sources */ = {isa = PBXBuildFile; fileRef = 3808FBFE281E0FF100BF6A4E /* PasswordComponents.swift */; };
		3808FC01281E100D00BF6A4E /* GeneratePasswordUseCase.swift in Sources */ = {isa = PBXBuildFile; fileRef = 3808FC00281E100D00BF6A4E /* GeneratePasswordUseCase.swift */; };
		3808FC07281E106200BF6A4E /* PasswordGeneratedReducer.swift in Sources */ = {isa = PBXBuildFile; fileRef = 3808FC06281E106100BF6A4E /* PasswordGeneratedReducer.swift */; };
		3808FC09281E108000BF6A4E /* PasswordGeneratedState.swift in Sources */ = {isa = PBXBuildFile; fileRef = 3808FC08281E108000BF6A4E /* PasswordGeneratedState.swift */; };
		389E54FC2820699500F52D68 /* KrakenVaultMainView.swift in Sources */ = {isa = PBXBuildFile; fileRef = 389E54FB2820699500F52D68 /* KrakenVaultMainView.swift */; };
		389E54FF282090F500F52D68 /* PasswordVaultItemView.swift in Sources */ = {isa = PBXBuildFile; fileRef = 389E54FE282090F500F52D68 /* PasswordVaultItemView.swift */; };
		389E5501282091BB00F52D68 /* VaultView.swift in Sources */ = {isa = PBXBuildFile; fileRef = 389E5500282091BB00F52D68 /* VaultView.swift */; };
		38C68E0A281F3F7B00072713 /* Logging.swift in Sources */ = {isa = PBXBuildFile; fileRef = 38C68E09281F3F7B00072713 /* Logging.swift */; };
		38C68E0C281F634500072713 /* PasswordOptionToggle.swift in Sources */ = {isa = PBXBuildFile; fileRef = 38C68E0B281F634500072713 /* PasswordOptionToggle.swift */; };
/* End PBXBuildFile section */

/* Begin PBXContainerItemProxy section */
		3808FBC5281DED4700BF6A4E /* PBXContainerItemProxy */ = {
			isa = PBXContainerItemProxy;
			containerPortal = 3808FBAC281DED4700BF6A4E /* Project object */;
			proxyType = 1;
			remoteGlobalIDString = 3808FBB3281DED4700BF6A4E;
			remoteInfo = KrakenVault;
		};
/* End PBXContainerItemProxy section */

/* Begin PBXFileReference section */
		3808FBB4281DED4700BF6A4E /* KrakenVault.app */ = {isa = PBXFileReference; explicitFileType = wrapper.application; includeInIndex = 0; path = KrakenVault.app; sourceTree = BUILT_PRODUCTS_DIR; };
		3808FBB7281DED4700BF6A4E /* KrakenVaultApp.swift */ = {isa = PBXFileReference; lastKnownFileType = sourcecode.swift; path = KrakenVaultApp.swift; sourceTree = "<group>"; };
		3808FBB9281DED4700BF6A4E /* PasswordGeneratorView.swift */ = {isa = PBXFileReference; lastKnownFileType = sourcecode.swift; path = PasswordGeneratorView.swift; sourceTree = "<group>"; };
		3808FBBB281DED4700BF6A4E /* Assets.xcassets */ = {isa = PBXFileReference; lastKnownFileType = folder.assetcatalog; path = Assets.xcassets; sourceTree = "<group>"; };
		3808FBBE281DED4700BF6A4E /* Preview Assets.xcassets */ = {isa = PBXFileReference; lastKnownFileType = folder.assetcatalog; path = "Preview Assets.xcassets"; sourceTree = "<group>"; };
		3808FBC4281DED4700BF6A4E /* KrakenVaultTests.xctest */ = {isa = PBXFileReference; explicitFileType = wrapper.cfbundle; includeInIndex = 0; path = KrakenVaultTests.xctest; sourceTree = BUILT_PRODUCTS_DIR; };
		3808FBC8281DED4700BF6A4E /* KrakenVaultTests.swift */ = {isa = PBXFileReference; lastKnownFileType = sourcecode.swift; path = KrakenVaultTests.swift; sourceTree = "<group>"; };
		3808FBE2281DF0D400BF6A4E /* Store.swift */ = {isa = PBXFileReference; lastKnownFileType = sourcecode.swift; path = Store.swift; sourceTree = "<group>"; };
		3808FBE4281DF10400BF6A4E /* Pullback.swift */ = {isa = PBXFileReference; lastKnownFileType = sourcecode.swift; path = Pullback.swift; sourceTree = "<group>"; };
		3808FBE6281DF11800BF6A4E /* Combine.swift */ = {isa = PBXFileReference; lastKnownFileType = sourcecode.swift; path = Combine.swift; sourceTree = "<group>"; };
		3808FBEC281DF98000BF6A4E /* PasswordGeneratedAction.swift */ = {isa = PBXFileReference; lastKnownFileType = sourcecode.swift; path = PasswordGeneratedAction.swift; sourceTree = "<group>"; };
		3808FBEE281DF99900BF6A4E /* PasswordGeneratedView.swift */ = {isa = PBXFileReference; lastKnownFileType = sourcecode.swift; path = PasswordGeneratedView.swift; sourceTree = "<group>"; };
		3808FBF2281DFB4F00BF6A4E /* AppAction.swift */ = {isa = PBXFileReference; lastKnownFileType = sourcecode.swift; path = AppAction.swift; sourceTree = "<group>"; };
		3808FBF4281DFB6400BF6A4E /* AppState.swift */ = {isa = PBXFileReference; lastKnownFileType = sourcecode.swift; path = AppState.swift; sourceTree = "<group>"; };
		3808FBF6281DFB7B00BF6A4E /* AppReducer.swift */ = {isa = PBXFileReference; lastKnownFileType = sourcecode.swift; path = AppReducer.swift; sourceTree = "<group>"; };
		3808FBF8281E062700BF6A4E /* PasswordGeneratorAction.swift */ = {isa = PBXFileReference; lastKnownFileType = sourcecode.swift; path = PasswordGeneratorAction.swift; sourceTree = "<group>"; };
		3808FBFA281E063200BF6A4E /* PasswordGeneratorState.swift */ = {isa = PBXFileReference; lastKnownFileType = sourcecode.swift; path = PasswordGeneratorState.swift; sourceTree = "<group>"; };
		3808FBFC281E064600BF6A4E /* PasswordGeneratorReducer.swift */ = {isa = PBXFileReference; lastKnownFileType = sourcecode.swift; path = PasswordGeneratorReducer.swift; sourceTree = "<group>"; };
		3808FBFE281E0FF100BF6A4E /* PasswordComponents.swift */ = {isa = PBXFileReference; lastKnownFileType = sourcecode.swift; path = PasswordComponents.swift; sourceTree = "<group>"; };
		3808FC00281E100D00BF6A4E /* GeneratePasswordUseCase.swift */ = {isa = PBXFileReference; lastKnownFileType = sourcecode.swift; path = GeneratePasswordUseCase.swift; sourceTree = "<group>"; };
		3808FC06281E106100BF6A4E /* PasswordGeneratedReducer.swift */ = {isa = PBXFileReference; lastKnownFileType = sourcecode.swift; path = PasswordGeneratedReducer.swift; sourceTree = "<group>"; };
		3808FC08281E108000BF6A4E /* PasswordGeneratedState.swift */ = {isa = PBXFileReference; lastKnownFileType = sourcecode.swift; path = PasswordGeneratedState.swift; sourceTree = "<group>"; };
		389E54FB2820699500F52D68 /* KrakenVaultMainView.swift */ = {isa = PBXFileReference; lastKnownFileType = sourcecode.swift; path = KrakenVaultMainView.swift; sourceTree = "<group>"; };
		389E54FE282090F500F52D68 /* PasswordVaultItemView.swift */ = {isa = PBXFileReference; lastKnownFileType = sourcecode.swift; path = PasswordVaultItemView.swift; sourceTree = "<group>"; };
		389E5500282091BB00F52D68 /* VaultView.swift */ = {isa = PBXFileReference; lastKnownFileType = sourcecode.swift; path = VaultView.swift; sourceTree = "<group>"; };
		38C68E09281F3F7B00072713 /* Logging.swift */ = {isa = PBXFileReference; lastKnownFileType = sourcecode.swift; path = Logging.swift; sourceTree = "<group>"; };
		38C68E0B281F634500072713 /* PasswordOptionToggle.swift */ = {isa = PBXFileReference; lastKnownFileType = sourcecode.swift; path = PasswordOptionToggle.swift; sourceTree = "<group>"; };
/* End PBXFileReference section */

/* Begin PBXFrameworksBuildPhase section */
		3808FBB1281DED4700BF6A4E /* Frameworks */ = {
			isa = PBXFrameworksBuildPhase;
			buildActionMask = 2147483647;
			files = (
			);
			runOnlyForDeploymentPostprocessing = 0;
		};
		3808FBC1281DED4700BF6A4E /* Frameworks */ = {
			isa = PBXFrameworksBuildPhase;
			buildActionMask = 2147483647;
			files = (
			);
			runOnlyForDeploymentPostprocessing = 0;
		};
/* End PBXFrameworksBuildPhase section */

/* Begin PBXGroup section */
		3808FBAB281DED4700BF6A4E = {
			isa = PBXGroup;
			children = (
				3808FBB6281DED4700BF6A4E /* KrakenVault */,
				3808FBC7281DED4700BF6A4E /* KrakenVaultTests */,
				3808FBB5281DED4700BF6A4E /* Products */,
			);
			sourceTree = "<group>";
		};
		3808FBB5281DED4700BF6A4E /* Products */ = {
			isa = PBXGroup;
			children = (
				3808FBB4281DED4700BF6A4E /* KrakenVault.app */,
				3808FBC4281DED4700BF6A4E /* KrakenVaultTests.xctest */,
			);
			name = Products;
			sourceTree = "<group>";
		};
		3808FBB6281DED4700BF6A4E /* KrakenVault */ = {
			isa = PBXGroup;
			children = (
				3808FBE1281DF0B900BF6A4E /* Composable Architecture */,
				3808FBF1281DFB3D00BF6A4E /* Application */,
				389E54FD282090CE00F52D68 /* Vault Module */,
				3808FC0A281E1C2800BF6A4E /* Password Generator Module */,
				3808FBBB281DED4700BF6A4E /* Assets.xcassets */,
				3808FBBD281DED4700BF6A4E /* Preview Content */,
			);
			path = KrakenVault;
			sourceTree = "<group>";
		};
		3808FBBD281DED4700BF6A4E /* Preview Content */ = {
			isa = PBXGroup;
			children = (
				3808FBBE281DED4700BF6A4E /* Preview Assets.xcassets */,
			);
			path = "Preview Content";
			sourceTree = "<group>";
		};
		3808FBC7281DED4700BF6A4E /* KrakenVaultTests */ = {
			isa = PBXGroup;
			children = (
				3808FBC8281DED4700BF6A4E /* KrakenVaultTests.swift */,
			);
			path = KrakenVaultTests;
			sourceTree = "<group>";
		};
		3808FBE1281DF0B900BF6A4E /* Composable Architecture */ = {
			isa = PBXGroup;
			children = (
				3808FBE2281DF0D400BF6A4E /* Store.swift */,
				3808FBE4281DF10400BF6A4E /* Pullback.swift */,
				3808FBE6281DF11800BF6A4E /* Combine.swift */,
				38C68E09281F3F7B00072713 /* Logging.swift */,
			);
			path = "Composable Architecture";
			sourceTree = "<group>";
		};
		3808FBEB281DF96300BF6A4E /* Password Generated */ = {
			isa = PBXGroup;
			children = (
				3808FC02281E102300BF6A4E /* Domain */,
				3808FC06281E106100BF6A4E /* PasswordGeneratedReducer.swift */,
				3808FBEC281DF98000BF6A4E /* PasswordGeneratedAction.swift */,
				3808FC08281E108000BF6A4E /* PasswordGeneratedState.swift */,
				3808FBEE281DF99900BF6A4E /* PasswordGeneratedView.swift */,
			);
			path = "Password Generated";
			sourceTree = "<group>";
		};
		3808FBF0281DFB1500BF6A4E /* Password Generator */ = {
			isa = PBXGroup;
			children = (
				3808FBB9281DED4700BF6A4E /* PasswordGeneratorView.swift */,
				3808FBF8281E062700BF6A4E /* PasswordGeneratorAction.swift */,
				3808FBFA281E063200BF6A4E /* PasswordGeneratorState.swift */,
				3808FBFC281E064600BF6A4E /* PasswordGeneratorReducer.swift */,
				38C68E0B281F634500072713 /* PasswordOptionToggle.swift */,
			);
			path = "Password Generator";
			sourceTree = "<group>";
		};
		3808FBF1281DFB3D00BF6A4E /* Application */ = {
			isa = PBXGroup;
			children = (
				3808FBF2281DFB4F00BF6A4E /* AppAction.swift */,
				3808FBF6281DFB7B00BF6A4E /* AppReducer.swift */,
				3808FBF4281DFB6400BF6A4E /* AppState.swift */,
				3808FBB7281DED4700BF6A4E /* KrakenVaultApp.swift */,
				389E54FB2820699500F52D68 /* KrakenVaultMainView.swift */,
			);
			path = Application;
			sourceTree = "<group>";
		};
		3808FC02281E102300BF6A4E /* Domain */ = {
			isa = PBXGroup;
			children = (
				3808FBFE281E0FF100BF6A4E /* PasswordComponents.swift */,
				3808FC00281E100D00BF6A4E /* GeneratePasswordUseCase.swift */,
			);
			path = Domain;
			sourceTree = "<group>";
		};
		3808FC0A281E1C2800BF6A4E /* Password Generator Module */ = {
			isa = PBXGroup;
			children = (
				3808FBF0281DFB1500BF6A4E /* Password Generator */,
				3808FBEB281DF96300BF6A4E /* Password Generated */,
			);
			path = "Password Generator Module";
			sourceTree = "<group>";
		};
		389E54FD282090CE00F52D68 /* Vault Module */ = {
			isa = PBXGroup;
			children = (
				389E5500282091BB00F52D68 /* VaultView.swift */,
				389E54FE282090F500F52D68 /* PasswordVaultItemView.swift */,
			);
			path = "Vault Module";
			sourceTree = "<group>";
		};
/* End PBXGroup section */

/* Begin PBXNativeTarget section */
		3808FBB3281DED4700BF6A4E /* KrakenVault */ = {
			isa = PBXNativeTarget;
			buildConfigurationList = 3808FBD8281DED4700BF6A4E /* Build configuration list for PBXNativeTarget "KrakenVault" */;
			buildPhases = (
				3808FBB0281DED4700BF6A4E /* Sources */,
				3808FBB1281DED4700BF6A4E /* Frameworks */,
				3808FBB2281DED4700BF6A4E /* Resources */,
			);
			buildRules = (
			);
			dependencies = (
			);
			name = KrakenVault;
			productName = KrakenVault;
			productReference = 3808FBB4281DED4700BF6A4E /* KrakenVault.app */;
			productType = "com.apple.product-type.application";
		};
		3808FBC3281DED4700BF6A4E /* KrakenVaultTests */ = {
			isa = PBXNativeTarget;
			buildConfigurationList = 3808FBDB281DED4700BF6A4E /* Build configuration list for PBXNativeTarget "KrakenVaultTests" */;
			buildPhases = (
				3808FBC0281DED4700BF6A4E /* Sources */,
				3808FBC1281DED4700BF6A4E /* Frameworks */,
				3808FBC2281DED4700BF6A4E /* Resources */,
			);
			buildRules = (
			);
			dependencies = (
				3808FBC6281DED4700BF6A4E /* PBXTargetDependency */,
			);
			name = KrakenVaultTests;
			productName = KrakenVaultTests;
			productReference = 3808FBC4281DED4700BF6A4E /* KrakenVaultTests.xctest */;
			productType = "com.apple.product-type.bundle.unit-test";
		};
/* End PBXNativeTarget section */

/* Begin PBXProject section */
		3808FBAC281DED4700BF6A4E /* Project object */ = {
			isa = PBXProject;
			attributes = {
				BuildIndependentTargetsInParallel = 1;
				LastSwiftUpdateCheck = 1330;
				LastUpgradeCheck = 1330;
				ORGANIZATIONNAME = "J. Alfredo Hernández Alarcón";
				TargetAttributes = {
					3808FBB3281DED4700BF6A4E = {
						CreatedOnToolsVersion = 13.3.1;
					};
					3808FBC3281DED4700BF6A4E = {
						CreatedOnToolsVersion = 13.3.1;
						TestTargetID = 3808FBB3281DED4700BF6A4E;
					};
				};
			};
			buildConfigurationList = 3808FBAF281DED4700BF6A4E /* Build configuration list for PBXProject "KrakenVault" */;
			compatibilityVersion = "Xcode 13.0";
			developmentRegion = en;
			hasScannedForEncodings = 0;
			knownRegions = (
				en,
				Base,
			);
			mainGroup = 3808FBAB281DED4700BF6A4E;
			productRefGroup = 3808FBB5281DED4700BF6A4E /* Products */;
			projectDirPath = "";
			projectRoot = "";
			targets = (
				3808FBB3281DED4700BF6A4E /* KrakenVault */,
				3808FBC3281DED4700BF6A4E /* KrakenVaultTests */,
			);
		};
/* End PBXProject section */

/* Begin PBXResourcesBuildPhase section */
		3808FBB2281DED4700BF6A4E /* Resources */ = {
			isa = PBXResourcesBuildPhase;
			buildActionMask = 2147483647;
			files = (
				3808FBBF281DED4700BF6A4E /* Preview Assets.xcassets in Resources */,
				3808FBBC281DED4700BF6A4E /* Assets.xcassets in Resources */,
			);
			runOnlyForDeploymentPostprocessing = 0;
		};
		3808FBC2281DED4700BF6A4E /* Resources */ = {
			isa = PBXResourcesBuildPhase;
			buildActionMask = 2147483647;
			files = (
			);
			runOnlyForDeploymentPostprocessing = 0;
		};
/* End PBXResourcesBuildPhase section */

/* Begin PBXSourcesBuildPhase section */
		3808FBB0281DED4700BF6A4E /* Sources */ = {
			isa = PBXSourcesBuildPhase;
			buildActionMask = 2147483647;
			files = (
				3808FBFB281E063200BF6A4E /* PasswordGeneratorState.swift in Sources */,
				3808FBF9281E062700BF6A4E /* PasswordGeneratorAction.swift in Sources */,
				38C68E0A281F3F7B00072713 /* Logging.swift in Sources */,
				3808FBE3281DF0D400BF6A4E /* Store.swift in Sources */,
				389E54FF282090F500F52D68 /* PasswordVaultItemView.swift in Sources */,
				389E54FC2820699500F52D68 /* KrakenVaultMainView.swift in Sources */,
				3808FBFF281E0FF100BF6A4E /* PasswordComponents.swift in Sources */,
				3808FBFD281E064600BF6A4E /* PasswordGeneratorReducer.swift in Sources */,
				3808FC07281E106200BF6A4E /* PasswordGeneratedReducer.swift in Sources */,
				3808FBF7281DFB7B00BF6A4E /* AppReducer.swift in Sources */,
				3808FBF5281DFB6400BF6A4E /* AppState.swift in Sources */,
				3808FC09281E108000BF6A4E /* PasswordGeneratedState.swift in Sources */,
				3808FBBA281DED4700BF6A4E /* PasswordGeneratorView.swift in Sources */,
				389E5501282091BB00F52D68 /* VaultView.swift in Sources */,
				3808FBEF281DF99900BF6A4E /* PasswordGeneratedView.swift in Sources */,
				3808FBF3281DFB4F00BF6A4E /* AppAction.swift in Sources */,
				3808FBED281DF98000BF6A4E /* PasswordGeneratedAction.swift in Sources */,
				3808FC01281E100D00BF6A4E /* GeneratePasswordUseCase.swift in Sources */,
				3808FBB8281DED4700BF6A4E /* KrakenVaultApp.swift in Sources */,
				38C68E0C281F634500072713 /* PasswordOptionToggle.swift in Sources */,
				3808FBE7281DF11800BF6A4E /* Combine.swift in Sources */,
				3808FBE5281DF10400BF6A4E /* Pullback.swift in Sources */,
			);
			runOnlyForDeploymentPostprocessing = 0;
		};
		3808FBC0281DED4700BF6A4E /* Sources */ = {
			isa = PBXSourcesBuildPhase;
			buildActionMask = 2147483647;
			files = (
				3808FBC9281DED4700BF6A4E /* KrakenVaultTests.swift in Sources */,
			);
			runOnlyForDeploymentPostprocessing = 0;
		};
/* End PBXSourcesBuildPhase section */

/* Begin PBXTargetDependency section */
		3808FBC6281DED4700BF6A4E /* PBXTargetDependency */ = {
			isa = PBXTargetDependency;
			target = 3808FBB3281DED4700BF6A4E /* KrakenVault */;
			targetProxy = 3808FBC5281DED4700BF6A4E /* PBXContainerItemProxy */;
		};
/* End PBXTargetDependency section */

/* Begin XCBuildConfiguration section */
		3808FBD6281DED4700BF6A4E /* Debug */ = {
			isa = XCBuildConfiguration;
			buildSettings = {
				ALWAYS_SEARCH_USER_PATHS = NO;
				CLANG_ANALYZER_NONNULL = YES;
				CLANG_ANALYZER_NUMBER_OBJECT_CONVERSION = YES_AGGRESSIVE;
				CLANG_CXX_LANGUAGE_STANDARD = "gnu++17";
				CLANG_ENABLE_MODULES = YES;
				CLANG_ENABLE_OBJC_ARC = YES;
				CLANG_ENABLE_OBJC_WEAK = YES;
				CLANG_WARN_BLOCK_CAPTURE_AUTORELEASING = YES;
				CLANG_WARN_BOOL_CONVERSION = YES;
				CLANG_WARN_COMMA = YES;
				CLANG_WARN_CONSTANT_CONVERSION = YES;
				CLANG_WARN_DEPRECATED_OBJC_IMPLEMENTATIONS = YES;
				CLANG_WARN_DIRECT_OBJC_ISA_USAGE = YES_ERROR;
				CLANG_WARN_DOCUMENTATION_COMMENTS = YES;
				CLANG_WARN_EMPTY_BODY = YES;
				CLANG_WARN_ENUM_CONVERSION = YES;
				CLANG_WARN_INFINITE_RECURSION = YES;
				CLANG_WARN_INT_CONVERSION = YES;
				CLANG_WARN_NON_LITERAL_NULL_CONVERSION = YES;
				CLANG_WARN_OBJC_IMPLICIT_RETAIN_SELF = YES;
				CLANG_WARN_OBJC_LITERAL_CONVERSION = YES;
				CLANG_WARN_OBJC_ROOT_CLASS = YES_ERROR;
				CLANG_WARN_QUOTED_INCLUDE_IN_FRAMEWORK_HEADER = YES;
				CLANG_WARN_RANGE_LOOP_ANALYSIS = YES;
				CLANG_WARN_STRICT_PROTOTYPES = YES;
				CLANG_WARN_SUSPICIOUS_MOVE = YES;
				CLANG_WARN_UNGUARDED_AVAILABILITY = YES_AGGRESSIVE;
				CLANG_WARN_UNREACHABLE_CODE = YES;
				CLANG_WARN__DUPLICATE_METHOD_MATCH = YES;
				COPY_PHASE_STRIP = NO;
				DEBUG_INFORMATION_FORMAT = dwarf;
				ENABLE_STRICT_OBJC_MSGSEND = YES;
				ENABLE_TESTABILITY = YES;
				GCC_C_LANGUAGE_STANDARD = gnu11;
				GCC_DYNAMIC_NO_PIC = NO;
				GCC_NO_COMMON_BLOCKS = YES;
				GCC_OPTIMIZATION_LEVEL = 0;
				GCC_PREPROCESSOR_DEFINITIONS = (
					"DEBUG=1",
					"$(inherited)",
				);
				GCC_WARN_64_TO_32_BIT_CONVERSION = YES;
				GCC_WARN_ABOUT_RETURN_TYPE = YES_ERROR;
				GCC_WARN_UNDECLARED_SELECTOR = YES;
				GCC_WARN_UNINITIALIZED_AUTOS = YES_AGGRESSIVE;
				GCC_WARN_UNUSED_FUNCTION = YES;
				GCC_WARN_UNUSED_VARIABLE = YES;
				IPHONEOS_DEPLOYMENT_TARGET = 15.4;
				MTL_ENABLE_DEBUG_INFO = INCLUDE_SOURCE;
				MTL_FAST_MATH = YES;
				ONLY_ACTIVE_ARCH = YES;
				SDKROOT = iphoneos;
				SWIFT_ACTIVE_COMPILATION_CONDITIONS = DEBUG;
				SWIFT_OPTIMIZATION_LEVEL = "-Onone";
			};
			name = Debug;
		};
		3808FBD7281DED4700BF6A4E /* Release */ = {
			isa = XCBuildConfiguration;
			buildSettings = {
				ALWAYS_SEARCH_USER_PATHS = NO;
				CLANG_ANALYZER_NONNULL = YES;
				CLANG_ANALYZER_NUMBER_OBJECT_CONVERSION = YES_AGGRESSIVE;
				CLANG_CXX_LANGUAGE_STANDARD = "gnu++17";
				CLANG_ENABLE_MODULES = YES;
				CLANG_ENABLE_OBJC_ARC = YES;
				CLANG_ENABLE_OBJC_WEAK = YES;
				CLANG_WARN_BLOCK_CAPTURE_AUTORELEASING = YES;
				CLANG_WARN_BOOL_CONVERSION = YES;
				CLANG_WARN_COMMA = YES;
				CLANG_WARN_CONSTANT_CONVERSION = YES;
				CLANG_WARN_DEPRECATED_OBJC_IMPLEMENTATIONS = YES;
				CLANG_WARN_DIRECT_OBJC_ISA_USAGE = YES_ERROR;
				CLANG_WARN_DOCUMENTATION_COMMENTS = YES;
				CLANG_WARN_EMPTY_BODY = YES;
				CLANG_WARN_ENUM_CONVERSION = YES;
				CLANG_WARN_INFINITE_RECURSION = YES;
				CLANG_WARN_INT_CONVERSION = YES;
				CLANG_WARN_NON_LITERAL_NULL_CONVERSION = YES;
				CLANG_WARN_OBJC_IMPLICIT_RETAIN_SELF = YES;
				CLANG_WARN_OBJC_LITERAL_CONVERSION = YES;
				CLANG_WARN_OBJC_ROOT_CLASS = YES_ERROR;
				CLANG_WARN_QUOTED_INCLUDE_IN_FRAMEWORK_HEADER = YES;
				CLANG_WARN_RANGE_LOOP_ANALYSIS = YES;
				CLANG_WARN_STRICT_PROTOTYPES = YES;
				CLANG_WARN_SUSPICIOUS_MOVE = YES;
				CLANG_WARN_UNGUARDED_AVAILABILITY = YES_AGGRESSIVE;
				CLANG_WARN_UNREACHABLE_CODE = YES;
				CLANG_WARN__DUPLICATE_METHOD_MATCH = YES;
				COPY_PHASE_STRIP = NO;
				DEBUG_INFORMATION_FORMAT = "dwarf-with-dsym";
				ENABLE_NS_ASSERTIONS = NO;
				ENABLE_STRICT_OBJC_MSGSEND = YES;
				GCC_C_LANGUAGE_STANDARD = gnu11;
				GCC_NO_COMMON_BLOCKS = YES;
				GCC_WARN_64_TO_32_BIT_CONVERSION = YES;
				GCC_WARN_ABOUT_RETURN_TYPE = YES_ERROR;
				GCC_WARN_UNDECLARED_SELECTOR = YES;
				GCC_WARN_UNINITIALIZED_AUTOS = YES_AGGRESSIVE;
				GCC_WARN_UNUSED_FUNCTION = YES;
				GCC_WARN_UNUSED_VARIABLE = YES;
				IPHONEOS_DEPLOYMENT_TARGET = 15.4;
				MTL_ENABLE_DEBUG_INFO = NO;
				MTL_FAST_MATH = YES;
				SDKROOT = iphoneos;
				SWIFT_COMPILATION_MODE = wholemodule;
				SWIFT_OPTIMIZATION_LEVEL = "-O";
				VALIDATE_PRODUCT = YES;
			};
			name = Release;
		};
		3808FBD9281DED4700BF6A4E /* Debug */ = {
			isa = XCBuildConfiguration;
			buildSettings = {
				ASSETCATALOG_COMPILER_APPICON_NAME = AppIcon;
				ASSETCATALOG_COMPILER_GLOBAL_ACCENT_COLOR_NAME = AccentColor;
				CODE_SIGN_STYLE = Automatic;
				CURRENT_PROJECT_VERSION = 1;
				DEVELOPMENT_ASSET_PATHS = "\"KrakenVault/Preview Content\"";
				DEVELOPMENT_TEAM = HS399QXLRD;
				ENABLE_PREVIEWS = YES;
				GENERATE_INFOPLIST_FILE = YES;
				INFOPLIST_KEY_UIApplicationSceneManifest_Generation = YES;
				INFOPLIST_KEY_UIApplicationSupportsIndirectInputEvents = YES;
				INFOPLIST_KEY_UILaunchScreen_Generation = YES;
				INFOPLIST_KEY_UISupportedInterfaceOrientations_iPad = "UIInterfaceOrientationPortrait UIInterfaceOrientationPortraitUpsideDown UIInterfaceOrientationLandscapeLeft UIInterfaceOrientationLandscapeRight";
				INFOPLIST_KEY_UISupportedInterfaceOrientations_iPhone = "UIInterfaceOrientationPortrait UIInterfaceOrientationLandscapeLeft UIInterfaceOrientationLandscapeRight";
				IPHONEOS_DEPLOYMENT_TARGET = 15.0;
				LD_RUNPATH_SEARCH_PATHS = (
					"$(inherited)",
					"@executable_path/Frameworks",
				);
				MARKETING_VERSION = 1.0;
				PRODUCT_BUNDLE_IDENTIFIER = io.alfredohdz.KrakenVault;
				PRODUCT_NAME = "$(TARGET_NAME)";
				SWIFT_EMIT_LOC_STRINGS = YES;
				SWIFT_VERSION = 5.0;
				TARGETED_DEVICE_FAMILY = 1;
			};
			name = Debug;
		};
		3808FBDA281DED4700BF6A4E /* Release */ = {
			isa = XCBuildConfiguration;
			buildSettings = {
				ASSETCATALOG_COMPILER_APPICON_NAME = AppIcon;
				ASSETCATALOG_COMPILER_GLOBAL_ACCENT_COLOR_NAME = AccentColor;
				CODE_SIGN_STYLE = Automatic;
				CURRENT_PROJECT_VERSION = 1;
				DEVELOPMENT_ASSET_PATHS = "\"KrakenVault/Preview Content\"";
				DEVELOPMENT_TEAM = HS399QXLRD;
				ENABLE_PREVIEWS = YES;
				GENERATE_INFOPLIST_FILE = YES;
				INFOPLIST_KEY_UIApplicationSceneManifest_Generation = YES;
				INFOPLIST_KEY_UIApplicationSupportsIndirectInputEvents = YES;
				INFOPLIST_KEY_UILaunchScreen_Generation = YES;
				INFOPLIST_KEY_UISupportedInterfaceOrientations_iPad = "UIInterfaceOrientationPortrait UIInterfaceOrientationPortraitUpsideDown UIInterfaceOrientationLandscapeLeft UIInterfaceOrientationLandscapeRight";
				INFOPLIST_KEY_UISupportedInterfaceOrientations_iPhone = "UIInterfaceOrientationPortrait UIInterfaceOrientationLandscapeLeft UIInterfaceOrientationLandscapeRight";
				IPHONEOS_DEPLOYMENT_TARGET = 15.0;
				LD_RUNPATH_SEARCH_PATHS = (
					"$(inherited)",
					"@executable_path/Frameworks",
				);
				MARKETING_VERSION = 1.0;
				PRODUCT_BUNDLE_IDENTIFIER = io.alfredohdz.KrakenVault;
				PRODUCT_NAME = "$(TARGET_NAME)";
				SWIFT_EMIT_LOC_STRINGS = YES;
				SWIFT_VERSION = 5.0;
				TARGETED_DEVICE_FAMILY = 1;
			};
			name = Release;
		};
		3808FBDC281DED4700BF6A4E /* Debug */ = {
			isa = XCBuildConfiguration;
			buildSettings = {
				ALWAYS_EMBED_SWIFT_STANDARD_LIBRARIES = YES;
				BUNDLE_LOADER = "$(TEST_HOST)";
				CODE_SIGN_STYLE = Automatic;
				CURRENT_PROJECT_VERSION = 1;
				DEVELOPMENT_TEAM = HS399QXLRD;
				GENERATE_INFOPLIST_FILE = YES;
				IPHONEOS_DEPLOYMENT_TARGET = 15.4;
				MARKETING_VERSION = 1.0;
				PRODUCT_BUNDLE_IDENTIFIER = io.alfredohdz.KrakenVaultTests;
				PRODUCT_NAME = "$(TARGET_NAME)";
				SWIFT_EMIT_LOC_STRINGS = NO;
				SWIFT_VERSION = 5.0;
				TARGETED_DEVICE_FAMILY = "1,2";
				TEST_HOST = "$(BUILT_PRODUCTS_DIR)/KrakenVault.app/KrakenVault";
			};
			name = Debug;
		};
		3808FBDD281DED4700BF6A4E /* Release */ = {
			isa = XCBuildConfiguration;
			buildSettings = {
				ALWAYS_EMBED_SWIFT_STANDARD_LIBRARIES = YES;
				BUNDLE_LOADER = "$(TEST_HOST)";
				CODE_SIGN_STYLE = Automatic;
				CURRENT_PROJECT_VERSION = 1;
				DEVELOPMENT_TEAM = HS399QXLRD;
				GENERATE_INFOPLIST_FILE = YES;
				IPHONEOS_DEPLOYMENT_TARGET = 15.4;
				MARKETING_VERSION = 1.0;
				PRODUCT_BUNDLE_IDENTIFIER = io.alfredohdz.KrakenVaultTests;
				PRODUCT_NAME = "$(TARGET_NAME)";
				SWIFT_EMIT_LOC_STRINGS = NO;
				SWIFT_VERSION = 5.0;
				TARGETED_DEVICE_FAMILY = "1,2";
				TEST_HOST = "$(BUILT_PRODUCTS_DIR)/KrakenVault.app/KrakenVault";
			};
			name = Release;
		};
/* End XCBuildConfiguration section */

/* Begin XCConfigurationList section */
		3808FBAF281DED4700BF6A4E /* Build configuration list for PBXProject "KrakenVault" */ = {
			isa = XCConfigurationList;
			buildConfigurations = (
				3808FBD6281DED4700BF6A4E /* Debug */,
				3808FBD7281DED4700BF6A4E /* Release */,
			);
			defaultConfigurationIsVisible = 0;
			defaultConfigurationName = Release;
		};
		3808FBD8281DED4700BF6A4E /* Build configuration list for PBXNativeTarget "KrakenVault" */ = {
			isa = XCConfigurationList;
			buildConfigurations = (
				3808FBD9281DED4700BF6A4E /* Debug */,
				3808FBDA281DED4700BF6A4E /* Release */,
			);
			defaultConfigurationIsVisible = 0;
			defaultConfigurationName = Release;
		};
		3808FBDB281DED4700BF6A4E /* Build configuration list for PBXNativeTarget "KrakenVaultTests" */ = {
			isa = XCConfigurationList;
			buildConfigurations = (
				3808FBDC281DED4700BF6A4E /* Debug */,
				3808FBDD281DED4700BF6A4E /* Release */,
			);
			defaultConfigurationIsVisible = 0;
			defaultConfigurationName = Release;
		};
/* End XCConfigurationList section */
	};
	rootObject = 3808FBAC281DED4700BF6A4E /* Project object */;
}
